PODS:
  - DemoUtils (0.1.0)
  - LXMKit (0.1.0)

DEPENDENCIES:
  - DemoUtils (from `../DemoUtils`)
  - LXMKit (from `~/Documents/LXMGitHub/LXMKit`)

EXTERNAL SOURCES:
  DemoUtils:
    :path: "../DemoUtils"
  LXMKit:
    :path: "~/Documents/LXMGitHub/LXMKit"

SPEC CHECKSUMS:
  DemoUtils: 4db393988e78bf73939ae5bef6cee5408d036fe0
  LXMKit: c8785ce827a8797bda95fd9091c31903a665e135

PODFILE CHECKSUM: e62b3261dab13af4ed04b7a3d615b6b24b3b62e9

COCOAPODS: 1.11.2
