// !$*UTF8*$!
{
	archiveVersion = 1;
	classes = {
	};
	objectVersion = 50;
	objects = {

/* Begin PBXBuildFile section */
		433794502665023B00197E1F /* TwoViewController.m in Sources */ = {isa = PBXBuildFile; fileRef = 4337944F2665023B00197E1F /* TwoViewController.m */; };
		435C77F226671C0F00048D52 /* ThreeViewController.m in Sources */ = {isa = PBXBuildFile; fileRef = 435C77F126671C0F00048D52 /* ThreeViewController.m */; };
		435C78CD2667AC1B00048D52 /* xianhua.png in Resources */ = {isa = PBXBuildFile; fileRef = 435C78CC2667AC1B00048D52 /* xianhua.png */; };
		4361BDAE26775BB300AE84A6 /* FiveViewController.m in Sources */ = {isa = PBXBuildFile; fileRef = 4361BDAD26775BB300AE84A6 /* FiveViewController.m */; };
		43749CDA2668B18D009C7D46 /* FourViewController.m in Sources */ = {isa = PBXBuildFile; fileRef = 43749CD92668B18D009C7D46 /* FourViewController.m */; };
		43BA14F62664CE9400734E7E /* saber.jpeg in Resources */ = {isa = PBXBuildFile; fileRef = 43BA14F52664CE9400734E7E /* saber.jpeg */; };
		43BA15002664E5C300734E7E /* DemoListViewController.m in Sources */ = {isa = PBXBuildFile; fileRef = 43BA14FF2664E5C300734E7E /* DemoListViewController.m */; };
		A3C717B001DE7440EC5996DB /* libPods-Demo_OpenGLES_1.a in Frameworks */ = {isa = PBXBuildFile; fileRef = F75B7AC51460BC015E9DE4C0 /* libPods-Demo_OpenGLES_1.a */; };
		F688E23C222AACE3009AC954 /* AppDelegate.m in Sources */ = {isa = PBXBuildFile; fileRef = F688E23B222AACE3009AC954 /* AppDelegate.m */; };
		F688E23F222AACE3009AC954 /* OneViewController.m in Sources */ = {isa = PBXBuildFile; fileRef = F688E23E222AACE3009AC954 /* OneViewController.m */; };
		F688E242222AACE3009AC954 /* Main.storyboard in Resources */ = {isa = PBXBuildFile; fileRef = F688E240222AACE3009AC954 /* Main.storyboard */; };
		F688E244222AACE6009AC954 /* Assets.xcassets in Resources */ = {isa = PBXBuildFile; fileRef = F688E243222AACE6009AC954 /* Assets.xcassets */; };
		F688E247222AACE6009AC954 /* LaunchScreen.storyboard in Resources */ = {isa = PBXBuildFile; fileRef = F688E245222AACE6009AC954 /* LaunchScreen.storyboard */; };
		F688E24A222AACE6009AC954 /* main.m in Sources */ = {isa = PBXBuildFile; fileRef = F688E249222AACE6009AC954 /* main.m */; };
/* End PBXBuildFile section */

/* Begin PBXFileReference section */
		126416FDFDD2F7B8CF56179B /* Pods-Demo_OpenGLES_1.debug.xcconfig */ = {isa = PBXFileReference; includeInIndex = 1; lastKnownFileType = text.xcconfig; name = "Pods-Demo_OpenGLES_1.debug.xcconfig"; path = "Target Support Files/Pods-Demo_OpenGLES_1/Pods-Demo_OpenGLES_1.debug.xcconfig"; sourceTree = "<group>"; };
		4337944E2665023B00197E1F /* TwoViewController.h */ = {isa = PBXFileReference; lastKnownFileType = sourcecode.c.h; path = TwoViewController.h; sourceTree = "<group>"; };
		4337944F2665023B00197E1F /* TwoViewController.m */ = {isa = PBXFileReference; lastKnownFileType = sourcecode.c.objc; path = TwoViewController.m; sourceTree = "<group>"; };
		435C77F026671C0F00048D52 /* ThreeViewController.h */ = {isa = PBXFileReference; lastKnownFileType = sourcecode.c.h; path = ThreeViewController.h; sourceTree = "<group>"; };
		435C77F126671C0F00048D52 /* ThreeViewController.m */ = {isa = PBXFileReference; lastKnownFileType = sourcecode.c.objc; path = ThreeViewController.m; sourceTree = "<group>"; };
		435C78CC2667AC1B00048D52 /* xianhua.png */ = {isa = PBXFileReference; lastKnownFileType = image.png; path = xianhua.png; sourceTree = "<group>"; };
		4361BDAC26775BB300AE84A6 /* FiveViewController.h */ = {isa = PBXFileReference; lastKnownFileType = sourcecode.c.h; path = FiveViewController.h; sourceTree = "<group>"; };
		4361BDAD26775BB300AE84A6 /* FiveViewController.m */ = {isa = PBXFileReference; lastKnownFileType = sourcecode.c.objc; path = FiveViewController.m; sourceTree = "<group>"; };
		43749CD82668B18D009C7D46 /* FourViewController.h */ = {isa = PBXFileReference; lastKnownFileType = sourcecode.c.h; path = FourViewController.h; sourceTree = "<group>"; };
		43749CD92668B18D009C7D46 /* FourViewController.m */ = {isa = PBXFileReference; lastKnownFileType = sourcecode.c.objc; path = FourViewController.m; sourceTree = "<group>"; };
		43BA14F52664CE9400734E7E /* saber.jpeg */ = {isa = PBXFileReference; lastKnownFileType = image.jpeg; path = saber.jpeg; sourceTree = "<group>"; };
		43BA14FE2664E5C300734E7E /* DemoListViewController.h */ = {isa = PBXFileReference; lastKnownFileType = sourcecode.c.h; path = DemoListViewController.h; sourceTree = "<group>"; };
		43BA14FF2664E5C300734E7E /* DemoListViewController.m */ = {isa = PBXFileReference; lastKnownFileType = sourcecode.c.objc; path = DemoListViewController.m; sourceTree = "<group>"; };
		D50E3DD26A2056C1228437AB /* Pods-Demo_OpenGLES_1.release.xcconfig */ = {isa = PBXFileReference; includeInIndex = 1; lastKnownFileType = text.xcconfig; name = "Pods-Demo_OpenGLES_1.release.xcconfig"; path = "Target Support Files/Pods-Demo_OpenGLES_1/Pods-Demo_OpenGLES_1.release.xcconfig"; sourceTree = "<group>"; };
		F688E237222AACE3009AC954 /* Demo_OpenGLES_1.app */ = {isa = PBXFileReference; explicitFileType = wrapper.application; includeInIndex = 0; path = Demo_OpenGLES_1.app; sourceTree = BUILT_PRODUCTS_DIR; };
		F688E23A222AACE3009AC954 /* AppDelegate.h */ = {isa = PBXFileReference; lastKnownFileType = sourcecode.c.h; path = AppDelegate.h; sourceTree = "<group>"; };
		F688E23B222AACE3009AC954 /* AppDelegate.m */ = {isa = PBXFileReference; lastKnownFileType = sourcecode.c.objc; path = AppDelegate.m; sourceTree = "<group>"; };
		F688E23D222AACE3009AC954 /* OneViewController.h */ = {isa = PBXFileReference; lastKnownFileType = sourcecode.c.h; path = OneViewController.h; sourceTree = "<group>"; };
		F688E23E222AACE3009AC954 /* OneViewController.m */ = {isa = PBXFileReference; lastKnownFileType = sourcecode.c.objc; path = OneViewController.m; sourceTree = "<group>"; };
		F688E241222AACE3009AC954 /* Base */ = {isa = PBXFileReference; lastKnownFileType = file.storyboard; name = Base; path = Base.lproj/Main.storyboard; sourceTree = "<group>"; };
		F688E243222AACE6009AC954 /* Assets.xcassets */ = {isa = PBXFileReference; lastKnownFileType = folder.assetcatalog; path = Assets.xcassets; sourceTree = "<group>"; };
		F688E246222AACE6009AC954 /* Base */ = {isa = PBXFileReference; lastKnownFileType = file.storyboard; name = Base; path = Base.lproj/LaunchScreen.storyboard; sourceTree = "<group>"; };
		F688E248222AACE6009AC954 /* Info.plist */ = {isa = PBXFileReference; lastKnownFileType = text.plist.xml; path = Info.plist; sourceTree = "<group>"; };
		F688E249222AACE6009AC954 /* main.m */ = {isa = PBXFileReference; lastKnownFileType = sourcecode.c.objc; path = main.m; sourceTree = "<group>"; };
		F75B7AC51460BC015E9DE4C0 /* libPods-Demo_OpenGLES_1.a */ = {isa = PBXFileReference; explicitFileType = archive.ar; includeInIndex = 0; path = "libPods-Demo_OpenGLES_1.a"; sourceTree = BUILT_PRODUCTS_DIR; };
/* End PBXFileReference section */

/* Begin PBXFrameworksBuildPhase section */
		F688E234222AACE3009AC954 /* Frameworks */ = {
			isa = PBXFrameworksBuildPhase;
			buildActionMask = 2147483647;
			files = (
				A3C717B001DE7440EC5996DB /* libPods-Demo_OpenGLES_1.a in Frameworks */,
			);
			runOnlyForDeploymentPostprocessing = 0;
		};
/* End PBXFrameworksBuildPhase section */

/* Begin PBXGroup section */
		DA1E461ED7E7C40B41B1A635 /* Frameworks */ = {
			isa = PBXGroup;
			children = (
				F75B7AC51460BC015E9DE4C0 /* libPods-Demo_OpenGLES_1.a */,
			);
			name = Frameworks;
			sourceTree = "<group>";
		};
		F688E22E222AACE3009AC954 = {
			isa = PBXGroup;
			children = (
				F688E239222AACE3009AC954 /* Demo_OpenGLES_1 */,
				F688E238222AACE3009AC954 /* Products */,
				FB5CDC0EE6FAC50BC00C84D5 /* Pods */,
				DA1E461ED7E7C40B41B1A635 /* Frameworks */,
			);
			sourceTree = "<group>";
		};
		F688E238222AACE3009AC954 /* Products */ = {
			isa = PBXGroup;
			children = (
				F688E237222AACE3009AC954 /* Demo_OpenGLES_1.app */,
			);
			name = Products;
			sourceTree = "<group>";
		};
		F688E239222AACE3009AC954 /* Demo_OpenGLES_1 */ = {
			isa = PBXGroup;
			children = (
				F688E23A222AACE3009AC954 /* AppDelegate.h */,
				F688E23B222AACE3009AC954 /* AppDelegate.m */,
				43BA14FE2664E5C300734E7E /* DemoListViewController.h */,
				43BA14FF2664E5C300734E7E /* DemoListViewController.m */,
				F688E23D222AACE3009AC954 /* OneViewController.h */,
				F688E23E222AACE3009AC954 /* OneViewController.m */,
				4337944E2665023B00197E1F /* TwoViewController.h */,
				4337944F2665023B00197E1F /* TwoViewController.m */,
				435C77F026671C0F00048D52 /* ThreeViewController.h */,
				435C77F126671C0F00048D52 /* ThreeViewController.m */,
				43749CD82668B18D009C7D46 /* FourViewController.h */,
				43749CD92668B18D009C7D46 /* FourViewController.m */,
				4361BDAC26775BB300AE84A6 /* FiveViewController.h */,
				4361BDAD26775BB300AE84A6 /* FiveViewController.m */,
				43BA14F52664CE9400734E7E /* saber.jpeg */,
				435C78CC2667AC1B00048D52 /* xianhua.png */,
				F688E240222AACE3009AC954 /* Main.storyboard */,
				F688E243222AACE6009AC954 /* Assets.xcassets */,
				F688E245222AACE6009AC954 /* LaunchScreen.storyboard */,
				F688E248222AACE6009AC954 /* Info.plist */,
				F688E249222AACE6009AC954 /* main.m */,
			);
			path = Demo_OpenGLES_1;
			sourceTree = "<group>";
		};
		FB5CDC0EE6FAC50BC00C84D5 /* Pods */ = {
			isa = PBXGroup;
			children = (
				126416FDFDD2F7B8CF56179B /* Pods-Demo_OpenGLES_1.debug.xcconfig */,
				D50E3DD26A2056C1228437AB /* Pods-Demo_OpenGLES_1.release.xcconfig */,
			);
			path = Pods;
			sourceTree = "<group>";
		};
/* End PBXGroup section */

/* Begin PBXNativeTarget section */
		F688E236222AACE3009AC954 /* Demo_OpenGLES_1 */ = {
			isa = PBXNativeTarget;
			buildConfigurationList = F688E24D222AACE6009AC954 /* Build configuration list for PBXNativeTarget "Demo_OpenGLES_1" */;
			buildPhases = (
				49D75EADE91A7F13F9696329 /* [CP] Check Pods Manifest.lock */,
				F688E233222AACE3009AC954 /* Sources */,
				F688E234222AACE3009AC954 /* Frameworks */,
				F688E235222AACE3009AC954 /* Resources */,
			);
			buildRules = (
			);
			dependencies = (
			);
			name = Demo_OpenGLES_1;
			productName = Demo_OpenGLES_1;
			productReference = F688E237222AACE3009AC954 /* Demo_OpenGLES_1.app */;
			productType = "com.apple.product-type.application";
		};
/* End PBXNativeTarget section */

/* Begin PBXProject section */
		F688E22F222AACE3009AC954 /* Project object */ = {
			isa = PBXProject;
			attributes = {
				LastUpgradeCheck = 1010;
				ORGANIZATIONNAME = lxm;
				TargetAttributes = {
					F688E236222AACE3009AC954 = {
						CreatedOnToolsVersion = 10.1;
					};
				};
			};
			buildConfigurationList = F688E232222AACE3009AC954 /* Build configuration list for PBXProject "Demo_OpenGLES_1" */;
			compatibilityVersion = "Xcode 9.3";
			developmentRegion = en;
			hasScannedForEncodings = 0;
			knownRegions = (
				en,
				Base,
			);
			mainGroup = F688E22E222AACE3009AC954;
			productRefGroup = F688E238222AACE3009AC954 /* Products */;
			projectDirPath = "";
			projectRoot = "";
			targets = (
				F688E236222AACE3009AC954 /* Demo_OpenGLES_1 */,
			);
		};
/* End PBXProject section */

/* Begin PBXResourcesBuildPhase section */
		F688E235222AACE3009AC954 /* Resources */ = {
			isa = PBXResourcesBuildPhase;
			buildActionMask = 2147483647;
			files = (
				F688E247222AACE6009AC954 /* LaunchScreen.storyboard in Resources */,
				F688E244222AACE6009AC954 /* Assets.xcassets in Resources */,
				F688E242222AACE3009AC954 /* Main.storyboard in Resources */,
				435C78CD2667AC1B00048D52 /* xianhua.png in Resources */,
				43BA14F62664CE9400734E7E /* saber.jpeg in Resources */,
			);
			runOnlyForDeploymentPostprocessing = 0;
		};
/* End PBXResourcesBuildPhase section */

/* Begin PBXShellScriptBuildPhase section */
		49D75EADE91A7F13F9696329 /* [CP] Check Pods Manifest.lock */ = {
			isa = PBXShellScriptBuildPhase;
			buildActionMask = 2147483647;
			files = (
			);
			inputFileListPaths = (
			);
			inputPaths = (
				"${PODS_PODFILE_DIR_PATH}/Podfile.lock",
				"${PODS_ROOT}/Manifest.lock",
			);
			name = "[CP] Check Pods Manifest.lock";
			outputFileListPaths = (
			);
			outputPaths = (
				"$(DERIVED_FILE_DIR)/Pods-Demo_OpenGLES_1-checkManifestLockResult.txt",
			);
			runOnlyForDeploymentPostprocessing = 0;
			shellPath = /bin/sh;
			shellScript = "diff \"${PODS_PODFILE_DIR_PATH}/Podfile.lock\" \"${PODS_ROOT}/Manifest.lock\" > /dev/null\nif [ $? != 0 ] ; then\n    # print error to STDERR\n    echo \"error: The sandbox is not in sync with the Podfile.lock. Run 'pod install' or update your CocoaPods installation.\" >&2\n    exit 1\nfi\n# This output is used by Xcode 'outputs' to avoid re-running this script phase.\necho \"SUCCESS\" > \"${SCRIPT_OUTPUT_FILE_0}\"\n";
			showEnvVarsInLog = 0;
		};
/* End PBXShellScriptBuildPhase section */

/* Begin PBXSourcesBuildPhase section */
		F688E233222AACE3009AC954 /* Sources */ = {
			isa = PBXSourcesBuildPhase;
			buildActionMask = 2147483647;
			files = (
				4361BDAE26775BB300AE84A6 /* FiveViewController.m in Sources */,
				43749CDA2668B18D009C7D46 /* FourViewController.m in Sources */,
				433794502665023B00197E1F /* TwoViewController.m in Sources */,
				F688E23F222AACE3009AC954 /* OneViewController.m in Sources */,
				F688E24A222AACE6009AC954 /* main.m in Sources */,
				F688E23C222AACE3009AC954 /* AppDelegate.m in Sources */,
				43BA15002664E5C300734E7E /* DemoListViewController.m in Sources */,
				435C77F226671C0F00048D52 /* ThreeViewController.m in Sources */,
			);
			runOnlyForDeploymentPostprocessing = 0;
		};
/* End PBXSourcesBuildPhase section */

/* Begin PBXVariantGroup section */
		F688E240222AACE3009AC954 /* Main.storyboard */ = {
			isa = PBXVariantGroup;
			children = (
				F688E241222AACE3009AC954 /* Base */,
			);
			name = Main.storyboard;
			sourceTree = "<group>";
		};
		F688E245222AACE6009AC954 /* LaunchScreen.storyboard */ = {
			isa = PBXVariantGroup;
			children = (
				F688E246222AACE6009AC954 /* Base */,
			);
			name = LaunchScreen.storyboard;
			sourceTree = "<group>";
		};
/* End PBXVariantGroup section */

/* Begin XCBuildConfiguration section */
		F688E24B222AACE6009AC954 /* Debug */ = {
			isa = XCBuildConfiguration;
			buildSettings = {
				ALWAYS_SEARCH_USER_PATHS = NO;
				CLANG_ANALYZER_NONNULL = YES;
				CLANG_ANALYZER_NUMBER_OBJECT_CONVERSION = YES_AGGRESSIVE;
				CLANG_CXX_LANGUAGE_STANDARD = "gnu++14";
				CLANG_CXX_LIBRARY = "libc++";
				CLANG_ENABLE_MODULES = YES;
				CLANG_ENABLE_OBJC_ARC = YES;
				CLANG_ENABLE_OBJC_WEAK = YES;
				CLANG_WARN_BLOCK_CAPTURE_AUTORELEASING = YES;
				CLANG_WARN_BOOL_CONVERSION = YES;
				CLANG_WARN_COMMA = YES;
				CLANG_WARN_CONSTANT_CONVERSION = YES;
				CLANG_WARN_DEPRECATED_OBJC_IMPLEMENTATIONS = YES;
				CLANG_WARN_DIRECT_OBJC_ISA_USAGE = YES_ERROR;
				CLANG_WARN_DOCUMENTATION_COMMENTS = YES;
				CLANG_WARN_EMPTY_BODY = YES;
				CLANG_WARN_ENUM_CONVERSION = YES;
				CLANG_WARN_INFINITE_RECURSION = YES;
				CLANG_WARN_INT_CONVERSION = YES;
				CLANG_WARN_NON_LITERAL_NULL_CONVERSION = YES;
				CLANG_WARN_OBJC_IMPLICIT_RETAIN_SELF = YES;
				CLANG_WARN_OBJC_LITERAL_CONVERSION = YES;
				CLANG_WARN_OBJC_ROOT_CLASS = YES_ERROR;
				CLANG_WARN_RANGE_LOOP_ANALYSIS = YES;
				CLANG_WARN_STRICT_PROTOTYPES = YES;
				CLANG_WARN_SUSPICIOUS_MOVE = YES;
				CLANG_WARN_UNGUARDED_AVAILABILITY = YES_AGGRESSIVE;
				CLANG_WARN_UNREACHABLE_CODE = YES;
				CLANG_WARN__DUPLICATE_METHOD_MATCH = YES;
				CODE_SIGN_IDENTITY = "iPhone Developer";
				COPY_PHASE_STRIP = NO;
				DEBUG_INFORMATION_FORMAT = dwarf;
				ENABLE_STRICT_OBJC_MSGSEND = YES;
				ENABLE_TESTABILITY = YES;
				GCC_C_LANGUAGE_STANDARD = gnu11;
				GCC_DYNAMIC_NO_PIC = NO;
				GCC_NO_COMMON_BLOCKS = YES;
				GCC_OPTIMIZATION_LEVEL = 0;
				GCC_PREPROCESSOR_DEFINITIONS = (
					"DEBUG=1",
					"$(inherited)",
				);
				GCC_WARN_64_TO_32_BIT_CONVERSION = YES;
				GCC_WARN_ABOUT_RETURN_TYPE = YES_ERROR;
				GCC_WARN_UNDECLARED_SELECTOR = YES;
				GCC_WARN_UNINITIALIZED_AUTOS = YES_AGGRESSIVE;
				GCC_WARN_UNUSED_FUNCTION = YES;
				GCC_WARN_UNUSED_VARIABLE = YES;
				IPHONEOS_DEPLOYMENT_TARGET = 12.1;
				MTL_ENABLE_DEBUG_INFO = INCLUDE_SOURCE;
				MTL_FAST_MATH = YES;
				ONLY_ACTIVE_ARCH = YES;
				SDKROOT = iphoneos;
			};
			name = Debug;
		};
		F688E24C222AACE6009AC954 /* Release */ = {
			isa = XCBuildConfiguration;
			buildSettings = {
				ALWAYS_SEARCH_USER_PATHS = NO;
				CLANG_ANALYZER_NONNULL = YES;
				CLANG_ANALYZER_NUMBER_OBJECT_CONVERSION = YES_AGGRESSIVE;
				CLANG_CXX_LANGUAGE_STANDARD = "gnu++14";
				CLANG_CXX_LIBRARY = "libc++";
				CLANG_ENABLE_MODULES = YES;
				CLANG_ENABLE_OBJC_ARC = YES;
				CLANG_ENABLE_OBJC_WEAK = YES;
				CLANG_WARN_BLOCK_CAPTURE_AUTORELEASING = YES;
				CLANG_WARN_BOOL_CONVERSION = YES;
				CLANG_WARN_COMMA = YES;
				CLANG_WARN_CONSTANT_CONVERSION = YES;
				CLANG_WARN_DEPRECATED_OBJC_IMPLEMENTATIONS = YES;
				CLANG_WARN_DIRECT_OBJC_ISA_USAGE = YES_ERROR;
				CLANG_WARN_DOCUMENTATION_COMMENTS = YES;
				CLANG_WARN_EMPTY_BODY = YES;
				CLANG_WARN_ENUM_CONVERSION = YES;
				CLANG_WARN_INFINITE_RECURSION = YES;
				CLANG_WARN_INT_CONVERSION = YES;
				CLANG_WARN_NON_LITERAL_NULL_CONVERSION = YES;
				CLANG_WARN_OBJC_IMPLICIT_RETAIN_SELF = YES;
				CLANG_WARN_OBJC_LITERAL_CONVERSION = YES;
				CLANG_WARN_OBJC_ROOT_CLASS = YES_ERROR;
				CLANG_WARN_RANGE_LOOP_ANALYSIS = YES;
				CLANG_WARN_STRICT_PROTOTYPES = YES;
				CLANG_WARN_SUSPICIOUS_MOVE = YES;
				CLANG_WARN_UNGUARDED_AVAILABILITY = YES_AGGRESSIVE;
				CLANG_WARN_UNREACHABLE_CODE = YES;
				CLANG_WARN__DUPLICATE_METHOD_MATCH = YES;
				CODE_SIGN_IDENTITY = "iPhone Developer";
				COPY_PHASE_STRIP = NO;
				DEBUG_INFORMATION_FORMAT = "dwarf-with-dsym";
				ENABLE_NS_ASSERTIONS = NO;
				ENABLE_STRICT_OBJC_MSGSEND = YES;
				GCC_C_LANGUAGE_STANDARD = gnu11;
				GCC_NO_COMMON_BLOCKS = YES;
				GCC_WARN_64_TO_32_BIT_CONVERSION = YES;
				GCC_WARN_ABOUT_RETURN_TYPE = YES_ERROR;
				GCC_WARN_UNDECLARED_SELECTOR = YES;
				GCC_WARN_UNINITIALIZED_AUTOS = YES_AGGRESSIVE;
				GCC_WARN_UNUSED_FUNCTION = YES;
				GCC_WARN_UNUSED_VARIABLE = YES;
				IPHONEOS_DEPLOYMENT_TARGET = 12.1;
				MTL_ENABLE_DEBUG_INFO = NO;
				MTL_FAST_MATH = YES;
				SDKROOT = iphoneos;
				VALIDATE_PRODUCT = YES;
			};
			name = Release;
		};
		F688E24E222AACE6009AC954 /* Debug */ = {
			isa = XCBuildConfiguration;
			baseConfigurationReference = 126416FDFDD2F7B8CF56179B /* Pods-Demo_OpenGLES_1.debug.xcconfig */;
			buildSettings = {
				ASSETCATALOG_COMPILER_APPICON_NAME = AppIcon;
				CODE_SIGN_STYLE = Automatic;
				DEVELOPMENT_TEAM = E4R9H9F9L2;
				INFOPLIST_FILE = Demo_OpenGLES_1/Info.plist;
				IPHONEOS_DEPLOYMENT_TARGET = 9.0;
				LD_RUNPATH_SEARCH_PATHS = (
					"$(inherited)",
					"@executable_path/Frameworks",
				);
				PRODUCT_BUNDLE_IDENTIFIER = "com.lxm.Demo-OpenGLES-1";
				PRODUCT_NAME = "$(TARGET_NAME)";
				TARGETED_DEVICE_FAMILY = 1;
			};
			name = Debug;
		};
		F688E24F222AACE6009AC954 /* Release */ = {
			isa = XCBuildConfiguration;
			baseConfigurationReference = D50E3DD26A2056C1228437AB /* Pods-Demo_OpenGLES_1.release.xcconfig */;
			buildSettings = {
				ASSETCATALOG_COMPILER_APPICON_NAME = AppIcon;
				CODE_SIGN_STYLE = Automatic;
				DEVELOPMENT_TEAM = E4R9H9F9L2;
				INFOPLIST_FILE = Demo_OpenGLES_1/Info.plist;
				IPHONEOS_DEPLOYMENT_TARGET = 9.0;
				LD_RUNPATH_SEARCH_PATHS = (
					"$(inherited)",
					"@executable_path/Frameworks",
				);
				PRODUCT_BUNDLE_IDENTIFIER = "com.lxm.Demo-OpenGLES-1";
				PRODUCT_NAME = "$(TARGET_NAME)";
				TARGETED_DEVICE_FAMILY = 1;
			};
			name = Release;
		};
/* End XCBuildConfiguration section */

/* Begin XCConfigurationList section */
		F688E232222AACE3009AC954 /* Build configuration list for PBXProject "Demo_OpenGLES_1" */ = {
			isa = XCConfigurationList;
			buildConfigurations = (
				F688E24B222AACE6009AC954 /* Debug */,
				F688E24C222AACE6009AC954 /* Release */,
			);
			defaultConfigurationIsVisible = 0;
			defaultConfigurationName = Release;
		};
		F688E24D222AACE6009AC954 /* Build configuration list for PBXNativeTarget "Demo_OpenGLES_1" */ = {
			isa = XCConfigurationList;
			buildConfigurations = (
				F688E24E222AACE6009AC954 /* Debug */,
				F688E24F222AACE6009AC954 /* Release */,
			);
			defaultConfigurationIsVisible = 0;
			defaultConfigurationName = Release;
		};
/* End XCConfigurationList section */
	};
	rootObject = F688E22F222AACE3009AC954 /* Project object */;
}
