PODS:
  - DemoUtils (0.1.0)
  - LXMKit (0.1.0)

DEPENDENCIES:
  - DemoUtils (from `../DemoUtils`)
  - LXMKit (from `~/Documents/LXMGitHub/LXMKit`)

EXTERNAL SOURCES:
  DemoUtils:
    :path: "../DemoUtils"
  LXMKit:
    :path: "~/Documents/LXMGitHub/LXMKit"

SPEC CHECKSUMS:
  DemoUtils: 4db393988e78bf73939ae5bef6cee5408d036fe0
  LXMKit: b184ae26f50177607294b28140c2c423473927f7

PODFILE CHECKSUM: 472b89cf33dbae88e1a588ee10739c7b1972142c

COCOAPODS: 1.9.3
