PODS:
  - DemoUtils (0.1.0)
  - LXMKit (0.1.0)

DEPENDENCIES:
  - DemoUtils (from `../DemoUtils`)
  - LXMKit (from `~/Documents/LXMGitHub/LXMKit`)

EXTERNAL SOURCES:
  DemoUtils:
    :path: "../DemoUtils"
  LXMKit:
    :path: "~/Documents/LXMGitHub/LXMKit"

SPEC CHECKSUMS:
  DemoUtils: 4db393988e78bf73939ae5bef6cee5408d036fe0
  LXMKit: c8785ce827a8797bda95fd9091c31903a665e135

PODFILE CHECKSUM: 5e00292b8f9426d9c0662e9e0613bb673f111f6b

COCOAPODS: 1.11.2
