PODS:
  - DemoUtils (0.1.0)
  - LXMKit (0.1.0)
  - YYModel (1.0.4)

DEPENDENCIES:
  - DemoUtils (from `../DemoUtils`)
  - LXMKit (from `~/Documents/LXMGitHub/LXMKit`)
  - YYModel

SPEC REPOS:
  trunk:
    - YYModel

EXTERNAL SOURCES:
  DemoUtils:
    :path: "../DemoUtils"
  LXMKit:
    :path: "~/Documents/LXMGitHub/LXMKit"

SPEC CHECKSUMS:
  DemoUtils: 4db393988e78bf73939ae5bef6cee5408d036fe0
  LXMKit: 60757216c49a4e0117cc894c0d84fdbc47ebecdd
  YYModel: 2a7fdd96aaa4b86a824e26d0c517de8928c04b30

PODFILE CHECKSUM: 45f4fd6062d54439dbacdf1ec4f7ec927204331e

COCOAPODS: 1.11.2
