PODS:
  - LXMKit (0.1.0)

DEPENDENCIES:
  - LXMKit (from `~/Documents/LXMGitHub/LXMKit`)

EXTERNAL SOURCES:
  LXMKit:
    :path: "~/Documents/LXMGitHub/LXMKit"

SPEC CHECKSUMS:
  LXMKit: b184ae26f50177607294b28140c2c423473927f7

PODFILE CHECKSUM: 411c815e17fe7338c79ec30f0dc95e55aa0e0f2d

COCOAPODS: 1.9.3
