// !$*UTF8*$!
{
	archiveVersion = 1;
	classes = {
	};
	objectVersion = 50;
	objects = {

/* Begin PBXBuildFile section */
		4398555D26637FFF008AF6E9 /* AppDelegate.m in Sources */ = {isa = PBXBuildFile; fileRef = 4398555C26637FFF008AF6E9 /* AppDelegate.m */; };
		4398556326637FFF008AF6E9 /* ViewController.m in Sources */ = {isa = PBXBuildFile; fileRef = 4398556226637FFF008AF6E9 /* ViewController.m */; };
		4398556626637FFF008AF6E9 /* Main.storyboard in Resources */ = {isa = PBXBuildFile; fileRef = 4398556426637FFF008AF6E9 /* Main.storyboard */; };
		4398556826638000008AF6E9 /* Assets.xcassets in Resources */ = {isa = PBXBuildFile; fileRef = 4398556726638000008AF6E9 /* Assets.xcassets */; };
		4398556B26638000008AF6E9 /* LaunchScreen.storyboard in Resources */ = {isa = PBXBuildFile; fileRef = 4398556926638000008AF6E9 /* LaunchScreen.storyboard */; };
		4398556E26638000008AF6E9 /* main.m in Sources */ = {isa = PBXBuildFile; fileRef = 4398556D26638000008AF6E9 /* main.m */; };
		4398557626638164008AF6E9 /* DemoCapturePipline.m in Sources */ = {isa = PBXBuildFile; fileRef = 4398557526638164008AF6E9 /* DemoCapturePipline.m */; };
/* End PBXBuildFile section */

/* Begin PBXFileReference section */
		4398555826637FFF008AF6E9 /* Demo_VideoCapture.app */ = {isa = PBXFileReference; explicitFileType = wrapper.application; includeInIndex = 0; path = Demo_VideoCapture.app; sourceTree = BUILT_PRODUCTS_DIR; };
		4398555B26637FFF008AF6E9 /* AppDelegate.h */ = {isa = PBXFileReference; lastKnownFileType = sourcecode.c.h; path = AppDelegate.h; sourceTree = "<group>"; };
		4398555C26637FFF008AF6E9 /* AppDelegate.m */ = {isa = PBXFileReference; lastKnownFileType = sourcecode.c.objc; path = AppDelegate.m; sourceTree = "<group>"; };
		4398556126637FFF008AF6E9 /* ViewController.h */ = {isa = PBXFileReference; lastKnownFileType = sourcecode.c.h; path = ViewController.h; sourceTree = "<group>"; };
		4398556226637FFF008AF6E9 /* ViewController.m */ = {isa = PBXFileReference; lastKnownFileType = sourcecode.c.objc; path = ViewController.m; sourceTree = "<group>"; };
		4398556526637FFF008AF6E9 /* Base */ = {isa = PBXFileReference; lastKnownFileType = file.storyboard; name = Base; path = Base.lproj/Main.storyboard; sourceTree = "<group>"; };
		4398556726638000008AF6E9 /* Assets.xcassets */ = {isa = PBXFileReference; lastKnownFileType = folder.assetcatalog; path = Assets.xcassets; sourceTree = "<group>"; };
		4398556A26638000008AF6E9 /* Base */ = {isa = PBXFileReference; lastKnownFileType = file.storyboard; name = Base; path = Base.lproj/LaunchScreen.storyboard; sourceTree = "<group>"; };
		4398556C26638000008AF6E9 /* Info.plist */ = {isa = PBXFileReference; lastKnownFileType = text.plist.xml; path = Info.plist; sourceTree = "<group>"; };
		4398556D26638000008AF6E9 /* main.m */ = {isa = PBXFileReference; lastKnownFileType = sourcecode.c.objc; path = main.m; sourceTree = "<group>"; };
		4398557426638164008AF6E9 /* DemoCapturePipline.h */ = {isa = PBXFileReference; lastKnownFileType = sourcecode.c.h; path = DemoCapturePipline.h; sourceTree = "<group>"; };
		4398557526638164008AF6E9 /* DemoCapturePipline.m */ = {isa = PBXFileReference; lastKnownFileType = sourcecode.c.objc; path = DemoCapturePipline.m; sourceTree = "<group>"; };
/* End PBXFileReference section */

/* Begin PBXFrameworksBuildPhase section */
		4398555526637FFF008AF6E9 /* Frameworks */ = {
			isa = PBXFrameworksBuildPhase;
			buildActionMask = 2147483647;
			files = (
			);
			runOnlyForDeploymentPostprocessing = 0;
		};
/* End PBXFrameworksBuildPhase section */

/* Begin PBXGroup section */
		4398554F26637FFF008AF6E9 = {
			isa = PBXGroup;
			children = (
				4398555A26637FFF008AF6E9 /* Demo_VideoCapture */,
				4398555926637FFF008AF6E9 /* Products */,
			);
			sourceTree = "<group>";
		};
		4398555926637FFF008AF6E9 /* Products */ = {
			isa = PBXGroup;
			children = (
				4398555826637FFF008AF6E9 /* Demo_VideoCapture.app */,
			);
			name = Products;
			sourceTree = "<group>";
		};
		4398555A26637FFF008AF6E9 /* Demo_VideoCapture */ = {
			isa = PBXGroup;
			children = (
				4398555B26637FFF008AF6E9 /* AppDelegate.h */,
				4398555C26637FFF008AF6E9 /* AppDelegate.m */,
				4398556126637FFF008AF6E9 /* ViewController.h */,
				4398556226637FFF008AF6E9 /* ViewController.m */,
				4398557426638164008AF6E9 /* DemoCapturePipline.h */,
				4398557526638164008AF6E9 /* DemoCapturePipline.m */,
				4398556426637FFF008AF6E9 /* Main.storyboard */,
				4398556726638000008AF6E9 /* Assets.xcassets */,
				4398556926638000008AF6E9 /* LaunchScreen.storyboard */,
				4398556C26638000008AF6E9 /* Info.plist */,
				4398556D26638000008AF6E9 /* main.m */,
			);
			path = Demo_VideoCapture;
			sourceTree = "<group>";
		};
/* End PBXGroup section */

/* Begin PBXNativeTarget section */
		4398555726637FFF008AF6E9 /* Demo_VideoCapture */ = {
			isa = PBXNativeTarget;
			buildConfigurationList = 4398557126638000008AF6E9 /* Build configuration list for PBXNativeTarget "Demo_VideoCapture" */;
			buildPhases = (
				4398555426637FFF008AF6E9 /* Sources */,
				4398555526637FFF008AF6E9 /* Frameworks */,
				4398555626637FFF008AF6E9 /* Resources */,
			);
			buildRules = (
			);
			dependencies = (
			);
			name = Demo_VideoCapture;
			productName = Demo_VideoCapture;
			productReference = 4398555826637FFF008AF6E9 /* Demo_VideoCapture.app */;
			productType = "com.apple.product-type.application";
		};
/* End PBXNativeTarget section */

/* Begin PBXProject section */
		4398555026637FFF008AF6E9 /* Project object */ = {
			isa = PBXProject;
			attributes = {
				LastUpgradeCheck = 1250;
				TargetAttributes = {
					4398555726637FFF008AF6E9 = {
						CreatedOnToolsVersion = 12.5;
					};
				};
			};
			buildConfigurationList = 4398555326637FFF008AF6E9 /* Build configuration list for PBXProject "Demo_VideoCapture" */;
			compatibilityVersion = "Xcode 9.3";
			developmentRegion = en;
			hasScannedForEncodings = 0;
			knownRegions = (
				en,
				Base,
			);
			mainGroup = 4398554F26637FFF008AF6E9;
			productRefGroup = 4398555926637FFF008AF6E9 /* Products */;
			projectDirPath = "";
			projectRoot = "";
			targets = (
				4398555726637FFF008AF6E9 /* Demo_VideoCapture */,
			);
		};
/* End PBXProject section */

/* Begin PBXResourcesBuildPhase section */
		4398555626637FFF008AF6E9 /* Resources */ = {
			isa = PBXResourcesBuildPhase;
			buildActionMask = 2147483647;
			files = (
				4398556B26638000008AF6E9 /* LaunchScreen.storyboard in Resources */,
				4398556826638000008AF6E9 /* Assets.xcassets in Resources */,
				4398556626637FFF008AF6E9 /* Main.storyboard in Resources */,
			);
			runOnlyForDeploymentPostprocessing = 0;
		};
/* End PBXResourcesBuildPhase section */

/* Begin PBXSourcesBuildPhase section */
		4398555426637FFF008AF6E9 /* Sources */ = {
			isa = PBXSourcesBuildPhase;
			buildActionMask = 2147483647;
			files = (
				4398556326637FFF008AF6E9 /* ViewController.m in Sources */,
				4398557626638164008AF6E9 /* DemoCapturePipline.m in Sources */,
				4398555D26637FFF008AF6E9 /* AppDelegate.m in Sources */,
				4398556E26638000008AF6E9 /* main.m in Sources */,
			);
			runOnlyForDeploymentPostprocessing = 0;
		};
/* End PBXSourcesBuildPhase section */

/* Begin PBXVariantGroup section */
		4398556426637FFF008AF6E9 /* Main.storyboard */ = {
			isa = PBXVariantGroup;
			children = (
				4398556526637FFF008AF6E9 /* Base */,
			);
			name = Main.storyboard;
			sourceTree = "<group>";
		};
		4398556926638000008AF6E9 /* LaunchScreen.storyboard */ = {
			isa = PBXVariantGroup;
			children = (
				4398556A26638000008AF6E9 /* Base */,
			);
			name = LaunchScreen.storyboard;
			sourceTree = "<group>";
		};
/* End PBXVariantGroup section */

/* Begin XCBuildConfiguration section */
		4398556F26638000008AF6E9 /* Debug */ = {
			isa = XCBuildConfiguration;
			buildSettings = {
				ALWAYS_SEARCH_USER_PATHS = NO;
				CLANG_ANALYZER_NONNULL = YES;
				CLANG_ANALYZER_NUMBER_OBJECT_CONVERSION = YES_AGGRESSIVE;
				CLANG_CXX_LANGUAGE_STANDARD = "gnu++14";
				CLANG_CXX_LIBRARY = "libc++";
				CLANG_ENABLE_MODULES = YES;
				CLANG_ENABLE_OBJC_ARC = YES;
				CLANG_ENABLE_OBJC_WEAK = YES;
				CLANG_WARN_BLOCK_CAPTURE_AUTORELEASING = YES;
				CLANG_WARN_BOOL_CONVERSION = YES;
				CLANG_WARN_COMMA = YES;
				CLANG_WARN_CONSTANT_CONVERSION = YES;
				CLANG_WARN_DEPRECATED_OBJC_IMPLEMENTATIONS = YES;
				CLANG_WARN_DIRECT_OBJC_ISA_USAGE = YES_ERROR;
				CLANG_WARN_DOCUMENTATION_COMMENTS = YES;
				CLANG_WARN_EMPTY_BODY = YES;
				CLANG_WARN_ENUM_CONVERSION = YES;
				CLANG_WARN_INFINITE_RECURSION = YES;
				CLANG_WARN_INT_CONVERSION = YES;
				CLANG_WARN_NON_LITERAL_NULL_CONVERSION = YES;
				CLANG_WARN_OBJC_IMPLICIT_RETAIN_SELF = YES;
				CLANG_WARN_OBJC_LITERAL_CONVERSION = YES;
				CLANG_WARN_OBJC_ROOT_CLASS = YES_ERROR;
				CLANG_WARN_QUOTED_INCLUDE_IN_FRAMEWORK_HEADER = YES;
				CLANG_WARN_RANGE_LOOP_ANALYSIS = YES;
				CLANG_WARN_STRICT_PROTOTYPES = YES;
				CLANG_WARN_SUSPICIOUS_MOVE = YES;
				CLANG_WARN_UNGUARDED_AVAILABILITY = YES_AGGRESSIVE;
				CLANG_WARN_UNREACHABLE_CODE = YES;
				CLANG_WARN__DUPLICATE_METHOD_MATCH = YES;
				COPY_PHASE_STRIP = NO;
				DEBUG_INFORMATION_FORMAT = dwarf;
				ENABLE_STRICT_OBJC_MSGSEND = YES;
				ENABLE_TESTABILITY = YES;
				GCC_C_LANGUAGE_STANDARD = gnu11;
				GCC_DYNAMIC_NO_PIC = NO;
				GCC_NO_COMMON_BLOCKS = YES;
				GCC_OPTIMIZATION_LEVEL = 0;
				GCC_PREPROCESSOR_DEFINITIONS = (
					"DEBUG=1",
					"$(inherited)",
				);
				GCC_WARN_64_TO_32_BIT_CONVERSION = YES;
				GCC_WARN_ABOUT_RETURN_TYPE = YES_ERROR;
				GCC_WARN_UNDECLARED_SELECTOR = YES;
				GCC_WARN_UNINITIALIZED_AUTOS = YES_AGGRESSIVE;
				GCC_WARN_UNUSED_FUNCTION = YES;
				GCC_WARN_UNUSED_VARIABLE = YES;
				IPHONEOS_DEPLOYMENT_TARGET = 9.0;
				MTL_ENABLE_DEBUG_INFO = INCLUDE_SOURCE;
				MTL_FAST_MATH = YES;
				ONLY_ACTIVE_ARCH = YES;
				SDKROOT = iphoneos;
			};
			name = Debug;
		};
		4398557026638000008AF6E9 /* Release */ = {
			isa = XCBuildConfiguration;
			buildSettings = {
				ALWAYS_SEARCH_USER_PATHS = NO;
				CLANG_ANALYZER_NONNULL = YES;
				CLANG_ANALYZER_NUMBER_OBJECT_CONVERSION = YES_AGGRESSIVE;
				CLANG_CXX_LANGUAGE_STANDARD = "gnu++14";
				CLANG_CXX_LIBRARY = "libc++";
				CLANG_ENABLE_MODULES = YES;
				CLANG_ENABLE_OBJC_ARC = YES;
				CLANG_ENABLE_OBJC_WEAK = YES;
				CLANG_WARN_BLOCK_CAPTURE_AUTORELEASING = YES;
				CLANG_WARN_BOOL_CONVERSION = YES;
				CLANG_WARN_COMMA = YES;
				CLANG_WARN_CONSTANT_CONVERSION = YES;
				CLANG_WARN_DEPRECATED_OBJC_IMPLEMENTATIONS = YES;
				CLANG_WARN_DIRECT_OBJC_ISA_USAGE = YES_ERROR;
				CLANG_WARN_DOCUMENTATION_COMMENTS = YES;
				CLANG_WARN_EMPTY_BODY = YES;
				CLANG_WARN_ENUM_CONVERSION = YES;
				CLANG_WARN_INFINITE_RECURSION = YES;
				CLANG_WARN_INT_CONVERSION = YES;
				CLANG_WARN_NON_LITERAL_NULL_CONVERSION = YES;
				CLANG_WARN_OBJC_IMPLICIT_RETAIN_SELF = YES;
				CLANG_WARN_OBJC_LITERAL_CONVERSION = YES;
				CLANG_WARN_OBJC_ROOT_CLASS = YES_ERROR;
				CLANG_WARN_QUOTED_INCLUDE_IN_FRAMEWORK_HEADER = YES;
				CLANG_WARN_RANGE_LOOP_ANALYSIS = YES;
				CLANG_WARN_STRICT_PROTOTYPES = YES;
				CLANG_WARN_SUSPICIOUS_MOVE = YES;
				CLANG_WARN_UNGUARDED_AVAILABILITY = YES_AGGRESSIVE;
				CLANG_WARN_UNREACHABLE_CODE = YES;
				CLANG_WARN__DUPLICATE_METHOD_MATCH = YES;
				COPY_PHASE_STRIP = NO;
				DEBUG_INFORMATION_FORMAT = "dwarf-with-dsym";
				ENABLE_NS_ASSERTIONS = NO;
				ENABLE_STRICT_OBJC_MSGSEND = YES;
				GCC_C_LANGUAGE_STANDARD = gnu11;
				GCC_NO_COMMON_BLOCKS = YES;
				GCC_WARN_64_TO_32_BIT_CONVERSION = YES;
				GCC_WARN_ABOUT_RETURN_TYPE = YES_ERROR;
				GCC_WARN_UNDECLARED_SELECTOR = YES;
				GCC_WARN_UNINITIALIZED_AUTOS = YES_AGGRESSIVE;
				GCC_WARN_UNUSED_FUNCTION = YES;
				GCC_WARN_UNUSED_VARIABLE = YES;
				IPHONEOS_DEPLOYMENT_TARGET = 9.0;
				MTL_ENABLE_DEBUG_INFO = NO;
				MTL_FAST_MATH = YES;
				SDKROOT = iphoneos;
				VALIDATE_PRODUCT = YES;
			};
			name = Release;
		};
		4398557226638000008AF6E9 /* Debug */ = {
			isa = XCBuildConfiguration;
			buildSettings = {
				ASSETCATALOG_COMPILER_APPICON_NAME = AppIcon;
				ASSETCATALOG_COMPILER_GLOBAL_ACCENT_COLOR_NAME = AccentColor;
				CODE_SIGN_STYLE = Automatic;
				DEVELOPMENT_TEAM = E4R9H9F9L2;
				INFOPLIST_FILE = Demo_VideoCapture/Info.plist;
				LD_RUNPATH_SEARCH_PATHS = (
					"$(inherited)",
					"@executable_path/Frameworks",
				);
				PRODUCT_BUNDLE_IDENTIFIER = "com.lxm.Demo-VideoCapture";
				PRODUCT_NAME = "$(TARGET_NAME)";
				TARGETED_DEVICE_FAMILY = "1,2";
			};
			name = Debug;
		};
		4398557326638000008AF6E9 /* Release */ = {
			isa = XCBuildConfiguration;
			buildSettings = {
				ASSETCATALOG_COMPILER_APPICON_NAME = AppIcon;
				ASSETCATALOG_COMPILER_GLOBAL_ACCENT_COLOR_NAME = AccentColor;
				CODE_SIGN_STYLE = Automatic;
				DEVELOPMENT_TEAM = E4R9H9F9L2;
				INFOPLIST_FILE = Demo_VideoCapture/Info.plist;
				LD_RUNPATH_SEARCH_PATHS = (
					"$(inherited)",
					"@executable_path/Frameworks",
				);
				PRODUCT_BUNDLE_IDENTIFIER = "com.lxm.Demo-VideoCapture";
				PRODUCT_NAME = "$(TARGET_NAME)";
				TARGETED_DEVICE_FAMILY = "1,2";
			};
			name = Release;
		};
/* End XCBuildConfiguration section */

/* Begin XCConfigurationList section */
		4398555326637FFF008AF6E9 /* Build configuration list for PBXProject "Demo_VideoCapture" */ = {
			isa = XCConfigurationList;
			buildConfigurations = (
				4398556F26638000008AF6E9 /* Debug */,
				4398557026638000008AF6E9 /* Release */,
			);
			defaultConfigurationIsVisible = 0;
			defaultConfigurationName = Release;
		};
		4398557126638000008AF6E9 /* Build configuration list for PBXNativeTarget "Demo_VideoCapture" */ = {
			isa = XCConfigurationList;
			buildConfigurations = (
				4398557226638000008AF6E9 /* Debug */,
				4398557326638000008AF6E9 /* Release */,
			);
			defaultConfigurationIsVisible = 0;
			defaultConfigurationName = Release;
		};
/* End XCConfigurationList section */
	};
	rootObject = 4398555026637FFF008AF6E9 /* Project object */;
}
