// !$*UTF8*$!
{
	archiveVersion = 1;
	classes = {
	};
	objectVersion = 55;
	objects = {

/* Begin PBXBuildFile section */
		4305494C27EEFABB00E7B6E6 /* Demo6_6ViewController.m in Sources */ = {isa = PBXBuildFile; fileRef = 4305494B27EEFABB00E7B6E6 /* Demo6_6ViewController.m */; };
		4305499B27EF056E00E7B6E6 /* xianhua.png in Resources */ = {isa = PBXBuildFile; fileRef = 4305494E27EF056E00E7B6E6 /* xianhua.png */; };
		4305499C27EF056E00E7B6E6 /* heart.png in Resources */ = {isa = PBXBuildFile; fileRef = 4305494F27EF056E00E7B6E6 /* heart.png */; };
		4305499D27EF056E00E7B6E6 /* heart.json in Resources */ = {isa = PBXBuildFile; fileRef = 4305495027EF056E00E7B6E6 /* heart.json */; };
		4305499E27EF056E00E7B6E6 /* saber.jpeg in Resources */ = {isa = PBXBuildFile; fileRef = 4305495127EF056E00E7B6E6 /* saber.jpeg */; };
		4305499F27EF056E00E7B6E6 /* F_MouceHeart_063.png in Resources */ = {isa = PBXBuildFile; fileRef = 4305495327EF056E00E7B6E6 /* F_MouceHeart_063.png */; };
		430549A027EF056E00E7B6E6 /* F_MouceHeart_062.png in Resources */ = {isa = PBXBuildFile; fileRef = 4305495427EF056E00E7B6E6 /* F_MouceHeart_062.png */; };
		430549A127EF056E00E7B6E6 /* F_MouceHeart_060.png in Resources */ = {isa = PBXBuildFile; fileRef = 4305495527EF056E00E7B6E6 /* F_MouceHeart_060.png */; };
		430549A227EF056E00E7B6E6 /* F_MouceHeart_048.png in Resources */ = {isa = PBXBuildFile; fileRef = 4305495627EF056E00E7B6E6 /* F_MouceHeart_048.png */; };
		430549A327EF056E00E7B6E6 /* F_MouceHeart_049.png in Resources */ = {isa = PBXBuildFile; fileRef = 4305495727EF056E00E7B6E6 /* F_MouceHeart_049.png */; };
		430549A427EF056E00E7B6E6 /* F_MouceHeart_061.png in Resources */ = {isa = PBXBuildFile; fileRef = 4305495827EF056E00E7B6E6 /* F_MouceHeart_061.png */; };
		430549A527EF056E00E7B6E6 /* F_MouceHeart_059.png in Resources */ = {isa = PBXBuildFile; fileRef = 4305495927EF056E00E7B6E6 /* F_MouceHeart_059.png */; };
		430549A627EF056E00E7B6E6 /* F_MouceHeart_071.png in Resources */ = {isa = PBXBuildFile; fileRef = 4305495A27EF056E00E7B6E6 /* F_MouceHeart_071.png */; };
		430549A727EF056E00E7B6E6 /* F_MouceHeart_065.png in Resources */ = {isa = PBXBuildFile; fileRef = 4305495B27EF056E00E7B6E6 /* F_MouceHeart_065.png */; };
		430549A827EF056E00E7B6E6 /* F_MouceHeart_064.png in Resources */ = {isa = PBXBuildFile; fileRef = 4305495C27EF056E00E7B6E6 /* F_MouceHeart_064.png */; };
		430549A927EF056E00E7B6E6 /* F_MouceHeart_070.png in Resources */ = {isa = PBXBuildFile; fileRef = 4305495D27EF056E00E7B6E6 /* F_MouceHeart_070.png */; };
		430549AA27EF056E00E7B6E6 /* F_MouceHeart_058.png in Resources */ = {isa = PBXBuildFile; fileRef = 4305495E27EF056E00E7B6E6 /* F_MouceHeart_058.png */; };
		430549AB27EF056E00E7B6E6 /* F_MouceHeart_066.png in Resources */ = {isa = PBXBuildFile; fileRef = 4305495F27EF056E00E7B6E6 /* F_MouceHeart_066.png */; };
		430549AC27EF056E00E7B6E6 /* F_MouceHeart_067.png in Resources */ = {isa = PBXBuildFile; fileRef = 4305496027EF056E00E7B6E6 /* F_MouceHeart_067.png */; };
		430549AD27EF056E00E7B6E6 /* F_MouceHeart_000.png in Resources */ = {isa = PBXBuildFile; fileRef = 4305496127EF056E00E7B6E6 /* F_MouceHeart_000.png */; };
		430549AE27EF056E00E7B6E6 /* F_MouceHeart_014.png in Resources */ = {isa = PBXBuildFile; fileRef = 4305496227EF056E00E7B6E6 /* F_MouceHeart_014.png */; };
		430549AF27EF056E00E7B6E6 /* F_MouceHeart_028.png in Resources */ = {isa = PBXBuildFile; fileRef = 4305496327EF056E00E7B6E6 /* F_MouceHeart_028.png */; };
		430549B027EF056E00E7B6E6 /* F_MouceHeart_029.png in Resources */ = {isa = PBXBuildFile; fileRef = 4305496427EF056E00E7B6E6 /* F_MouceHeart_029.png */; };
		430549B127EF056E00E7B6E6 /* F_MouceHeart_015.png in Resources */ = {isa = PBXBuildFile; fileRef = 4305496527EF056E00E7B6E6 /* F_MouceHeart_015.png */; };
		430549B227EF056E00E7B6E6 /* F_MouceHeart_001.png in Resources */ = {isa = PBXBuildFile; fileRef = 4305496627EF056E00E7B6E6 /* F_MouceHeart_001.png */; };
		430549B327EF056E00E7B6E6 /* F_MouceHeart_017.png in Resources */ = {isa = PBXBuildFile; fileRef = 4305496727EF056E00E7B6E6 /* F_MouceHeart_017.png */; };
		430549B427EF056E00E7B6E6 /* F_MouceHeart_003.png in Resources */ = {isa = PBXBuildFile; fileRef = 4305496827EF056E00E7B6E6 /* F_MouceHeart_003.png */; };
		430549B527EF056E00E7B6E6 /* F_MouceHeart_002.png in Resources */ = {isa = PBXBuildFile; fileRef = 4305496927EF056E00E7B6E6 /* F_MouceHeart_002.png */; };
		430549B627EF056E00E7B6E6 /* F_MouceHeart_016.png in Resources */ = {isa = PBXBuildFile; fileRef = 4305496A27EF056E00E7B6E6 /* F_MouceHeart_016.png */; };
		430549B727EF056E00E7B6E6 /* F_MouceHeart_012.png in Resources */ = {isa = PBXBuildFile; fileRef = 4305496B27EF056E00E7B6E6 /* F_MouceHeart_012.png */; };
		430549B827EF056E00E7B6E6 /* F_MouceHeart_006.png in Resources */ = {isa = PBXBuildFile; fileRef = 4305496C27EF056E00E7B6E6 /* F_MouceHeart_006.png */; };
		430549B927EF056E00E7B6E6 /* F_MouceHeart_007.png in Resources */ = {isa = PBXBuildFile; fileRef = 4305496D27EF056E00E7B6E6 /* F_MouceHeart_007.png */; };
		430549BA27EF056E00E7B6E6 /* F_MouceHeart_013.png in Resources */ = {isa = PBXBuildFile; fileRef = 4305496E27EF056E00E7B6E6 /* F_MouceHeart_013.png */; };
		430549BB27EF056E00E7B6E6 /* F_MouceHeart_039.png in Resources */ = {isa = PBXBuildFile; fileRef = 4305496F27EF056E00E7B6E6 /* F_MouceHeart_039.png */; };
		430549BC27EF056E00E7B6E6 /* F_MouceHeart_005.png in Resources */ = {isa = PBXBuildFile; fileRef = 4305497027EF056E00E7B6E6 /* F_MouceHeart_005.png */; };
		430549BD27EF056E00E7B6E6 /* F_MouceHeart_011.png in Resources */ = {isa = PBXBuildFile; fileRef = 4305497127EF056E00E7B6E6 /* F_MouceHeart_011.png */; };
		430549BE27EF056E00E7B6E6 /* F_MouceHeart_010.png in Resources */ = {isa = PBXBuildFile; fileRef = 4305497227EF056E00E7B6E6 /* F_MouceHeart_010.png */; };
		430549BF27EF056E00E7B6E6 /* F_MouceHeart_004.png in Resources */ = {isa = PBXBuildFile; fileRef = 4305497327EF056E00E7B6E6 /* F_MouceHeart_004.png */; };
		430549C027EF056E00E7B6E6 /* F_MouceHeart_038.png in Resources */ = {isa = PBXBuildFile; fileRef = 4305497427EF056E00E7B6E6 /* F_MouceHeart_038.png */; };
		430549C127EF056E00E7B6E6 /* F_MouceHeart_021.png in Resources */ = {isa = PBXBuildFile; fileRef = 4305497527EF056E00E7B6E6 /* F_MouceHeart_021.png */; };
		430549C227EF056E00E7B6E6 /* F_MouceHeart_035.png in Resources */ = {isa = PBXBuildFile; fileRef = 4305497627EF056E00E7B6E6 /* F_MouceHeart_035.png */; };
		430549C327EF056E00E7B6E6 /* F_MouceHeart_009.png in Resources */ = {isa = PBXBuildFile; fileRef = 4305497727EF056E00E7B6E6 /* F_MouceHeart_009.png */; };
		430549C427EF056E00E7B6E6 /* F_MouceHeart_008.png in Resources */ = {isa = PBXBuildFile; fileRef = 4305497827EF056E00E7B6E6 /* F_MouceHeart_008.png */; };
		430549C527EF056E00E7B6E6 /* F_MouceHeart_034.png in Resources */ = {isa = PBXBuildFile; fileRef = 4305497927EF056E00E7B6E6 /* F_MouceHeart_034.png */; };
		430549C627EF056E00E7B6E6 /* F_MouceHeart_020.png in Resources */ = {isa = PBXBuildFile; fileRef = 4305497A27EF056E00E7B6E6 /* F_MouceHeart_020.png */; };
		430549C727EF056E00E7B6E6 /* F_MouceHeart_036.png in Resources */ = {isa = PBXBuildFile; fileRef = 4305497B27EF056E00E7B6E6 /* F_MouceHeart_036.png */; };
		430549C827EF056E00E7B6E6 /* F_MouceHeart_022.png in Resources */ = {isa = PBXBuildFile; fileRef = 4305497C27EF056E00E7B6E6 /* F_MouceHeart_022.png */; };
		430549C927EF056E00E7B6E6 /* F_MouceHeart_023.png in Resources */ = {isa = PBXBuildFile; fileRef = 4305497D27EF056E00E7B6E6 /* F_MouceHeart_023.png */; };
		430549CA27EF056E00E7B6E6 /* F_MouceHeart_037.png in Resources */ = {isa = PBXBuildFile; fileRef = 4305497E27EF056E00E7B6E6 /* F_MouceHeart_037.png */; };
		430549CB27EF056E00E7B6E6 /* F_MouceHeart_033.png in Resources */ = {isa = PBXBuildFile; fileRef = 4305497F27EF056E00E7B6E6 /* F_MouceHeart_033.png */; };
		430549CC27EF056E00E7B6E6 /* F_MouceHeart_027.png in Resources */ = {isa = PBXBuildFile; fileRef = 4305498027EF056E00E7B6E6 /* F_MouceHeart_027.png */; };
		430549CD27EF056E00E7B6E6 /* F_MouceHeart_026.png in Resources */ = {isa = PBXBuildFile; fileRef = 4305498127EF056E00E7B6E6 /* F_MouceHeart_026.png */; };
		430549CE27EF056E00E7B6E6 /* F_MouceHeart_032.png in Resources */ = {isa = PBXBuildFile; fileRef = 4305498227EF056E00E7B6E6 /* F_MouceHeart_032.png */; };
		430549CF27EF056E00E7B6E6 /* F_MouceHeart_018.png in Resources */ = {isa = PBXBuildFile; fileRef = 4305498327EF056E00E7B6E6 /* F_MouceHeart_018.png */; };
		430549D027EF056E00E7B6E6 /* F_MouceHeart_024.png in Resources */ = {isa = PBXBuildFile; fileRef = 4305498427EF056E00E7B6E6 /* F_MouceHeart_024.png */; };
		430549D127EF056E00E7B6E6 /* F_MouceHeart_030.png in Resources */ = {isa = PBXBuildFile; fileRef = 4305498527EF056E00E7B6E6 /* F_MouceHeart_030.png */; };
		430549D227EF056E00E7B6E6 /* F_MouceHeart_031.png in Resources */ = {isa = PBXBuildFile; fileRef = 4305498627EF056E00E7B6E6 /* F_MouceHeart_031.png */; };
		430549D327EF056E00E7B6E6 /* F_MouceHeart_025.png in Resources */ = {isa = PBXBuildFile; fileRef = 4305498727EF056E00E7B6E6 /* F_MouceHeart_025.png */; };
		430549D427EF056E00E7B6E6 /* F_MouceHeart_019.png in Resources */ = {isa = PBXBuildFile; fileRef = 4305498827EF056E00E7B6E6 /* F_MouceHeart_019.png */; };
		430549D527EF056E00E7B6E6 /* F_MouceHeart_042.png in Resources */ = {isa = PBXBuildFile; fileRef = 4305498927EF056E00E7B6E6 /* F_MouceHeart_042.png */; };
		430549D627EF056E00E7B6E6 /* F_MouceHeart_056.png in Resources */ = {isa = PBXBuildFile; fileRef = 4305498A27EF056E00E7B6E6 /* F_MouceHeart_056.png */; };
		430549D727EF056E00E7B6E6 /* F_MouceHeart_057.png in Resources */ = {isa = PBXBuildFile; fileRef = 4305498B27EF056E00E7B6E6 /* F_MouceHeart_057.png */; };
		430549D827EF056E00E7B6E6 /* F_MouceHeart_043.png in Resources */ = {isa = PBXBuildFile; fileRef = 4305498C27EF056E00E7B6E6 /* F_MouceHeart_043.png */; };
		430549D927EF056E00E7B6E6 /* F_MouceHeart_055.png in Resources */ = {isa = PBXBuildFile; fileRef = 4305498D27EF056E00E7B6E6 /* F_MouceHeart_055.png */; };
		430549DA27EF056E00E7B6E6 /* F_MouceHeart_041.png in Resources */ = {isa = PBXBuildFile; fileRef = 4305498E27EF056E00E7B6E6 /* F_MouceHeart_041.png */; };
		430549DB27EF056E00E7B6E6 /* F_MouceHeart_069.png in Resources */ = {isa = PBXBuildFile; fileRef = 4305498F27EF056E00E7B6E6 /* F_MouceHeart_069.png */; };
		430549DC27EF056E00E7B6E6 /* F_MouceHeart_068.png in Resources */ = {isa = PBXBuildFile; fileRef = 4305499027EF056E00E7B6E6 /* F_MouceHeart_068.png */; };
		430549DD27EF056E00E7B6E6 /* F_MouceHeart_040.png in Resources */ = {isa = PBXBuildFile; fileRef = 4305499127EF056E00E7B6E6 /* F_MouceHeart_040.png */; };
		430549DE27EF056E00E7B6E6 /* F_MouceHeart_054.png in Resources */ = {isa = PBXBuildFile; fileRef = 4305499227EF056E00E7B6E6 /* F_MouceHeart_054.png */; };
		430549DF27EF056E00E7B6E6 /* F_MouceHeart_050.png in Resources */ = {isa = PBXBuildFile; fileRef = 4305499327EF056E00E7B6E6 /* F_MouceHeart_050.png */; };
		430549E027EF056E00E7B6E6 /* F_MouceHeart_044.png in Resources */ = {isa = PBXBuildFile; fileRef = 4305499427EF056E00E7B6E6 /* F_MouceHeart_044.png */; };
		430549E127EF056E00E7B6E6 /* F_MouceHeart_045.png in Resources */ = {isa = PBXBuildFile; fileRef = 4305499527EF056E00E7B6E6 /* F_MouceHeart_045.png */; };
		430549E227EF056E00E7B6E6 /* F_MouceHeart_051.png in Resources */ = {isa = PBXBuildFile; fileRef = 4305499627EF056E00E7B6E6 /* F_MouceHeart_051.png */; };
		430549E327EF056E00E7B6E6 /* F_MouceHeart_047.png in Resources */ = {isa = PBXBuildFile; fileRef = 4305499727EF056E00E7B6E6 /* F_MouceHeart_047.png */; };
		430549E427EF056E00E7B6E6 /* F_MouceHeart_053.png in Resources */ = {isa = PBXBuildFile; fileRef = 4305499827EF056E00E7B6E6 /* F_MouceHeart_053.png */; };
		430549E527EF056E00E7B6E6 /* F_MouceHeart_052.png in Resources */ = {isa = PBXBuildFile; fileRef = 4305499927EF056E00E7B6E6 /* F_MouceHeart_052.png */; };
		430549E627EF056E00E7B6E6 /* F_MouceHeart_046.png in Resources */ = {isa = PBXBuildFile; fileRef = 4305499A27EF056E00E7B6E6 /* F_MouceHeart_046.png */; };
		4324ABC127E81D3E0063A6A3 /* Demo6_2ViewController.m in Sources */ = {isa = PBXBuildFile; fileRef = 4324ABC027E81D3E0063A6A3 /* Demo6_2ViewController.m */; };
		435839F527EA0C2D00D5696D /* Demo6_4ViewController.m in Sources */ = {isa = PBXBuildFile; fileRef = 435839F427EA0C2D00D5696D /* Demo6_4ViewController.m */; };
		439A42A727E9680100158CD4 /* Demo6_3ViewController.m in Sources */ = {isa = PBXBuildFile; fileRef = 439A42A627E9680100158CD4 /* Demo6_3ViewController.m */; };
		43A0DC3A27EC146600F8027D /* Demo6_5ViewController.m in Sources */ = {isa = PBXBuildFile; fileRef = 43A0DC3927EC146600F8027D /* Demo6_5ViewController.m */; };
		43E5A6BF27E42CC8005D54A3 /* AppDelegate.m in Sources */ = {isa = PBXBuildFile; fileRef = 43E5A6BE27E42CC8005D54A3 /* AppDelegate.m */; };
		43E5A6C227E42CC8005D54A3 /* ViewController.m in Sources */ = {isa = PBXBuildFile; fileRef = 43E5A6C127E42CC8005D54A3 /* ViewController.m */; };
		43E5A6C527E42CC8005D54A3 /* DemoList6ViewController.m in Sources */ = {isa = PBXBuildFile; fileRef = 43E5A6C427E42CC8005D54A3 /* DemoList6ViewController.m */; };
		43E5A6C827E42CC8005D54A3 /* Main.storyboard in Resources */ = {isa = PBXBuildFile; fileRef = 43E5A6C627E42CC8005D54A3 /* Main.storyboard */; };
		43E5A6CA27E42CC8005D54A3 /* Assets.xcassets in Resources */ = {isa = PBXBuildFile; fileRef = 43E5A6C927E42CC8005D54A3 /* Assets.xcassets */; };
		43E5A6CD27E42CC8005D54A3 /* LaunchScreen.storyboard in Resources */ = {isa = PBXBuildFile; fileRef = 43E5A6CB27E42CC8005D54A3 /* LaunchScreen.storyboard */; };
		43E5A6D027E42CC8005D54A3 /* main.m in Sources */ = {isa = PBXBuildFile; fileRef = 43E5A6CF27E42CC8005D54A3 /* main.m */; };
		43E5A6D827E42E07005D54A3 /* Demo6_1ViewController.m in Sources */ = {isa = PBXBuildFile; fileRef = 43E5A6D727E42E07005D54A3 /* Demo6_1ViewController.m */; };
		9B1F33C4052EDECCF93B2533 /* libPods-Demo_OpenGLES_6.a in Frameworks */ = {isa = PBXBuildFile; fileRef = E30FB1E9C636C952BF9CEB4B /* libPods-Demo_OpenGLES_6.a */; };
/* End PBXBuildFile section */

/* Begin PBXFileReference section */
		051213C23E798873BD08A2B0 /* Pods-Demo_OpenGLES_6.debug.xcconfig */ = {isa = PBXFileReference; includeInIndex = 1; lastKnownFileType = text.xcconfig; name = "Pods-Demo_OpenGLES_6.debug.xcconfig"; path = "Target Support Files/Pods-Demo_OpenGLES_6/Pods-Demo_OpenGLES_6.debug.xcconfig"; sourceTree = "<group>"; };
		4305494A27EEFABB00E7B6E6 /* Demo6_6ViewController.h */ = {isa = PBXFileReference; lastKnownFileType = sourcecode.c.h; path = Demo6_6ViewController.h; sourceTree = "<group>"; };
		4305494B27EEFABB00E7B6E6 /* Demo6_6ViewController.m */ = {isa = PBXFileReference; lastKnownFileType = sourcecode.c.objc; path = Demo6_6ViewController.m; sourceTree = "<group>"; };
		4305494E27EF056E00E7B6E6 /* xianhua.png */ = {isa = PBXFileReference; lastKnownFileType = image.png; path = xianhua.png; sourceTree = "<group>"; };
		4305494F27EF056E00E7B6E6 /* heart.png */ = {isa = PBXFileReference; lastKnownFileType = image.png; path = heart.png; sourceTree = "<group>"; };
		4305495027EF056E00E7B6E6 /* heart.json */ = {isa = PBXFileReference; fileEncoding = 4; lastKnownFileType = text.json; path = heart.json; sourceTree = "<group>"; };
		4305495127EF056E00E7B6E6 /* saber.jpeg */ = {isa = PBXFileReference; lastKnownFileType = image.jpeg; path = saber.jpeg; sourceTree = "<group>"; };
		4305495327EF056E00E7B6E6 /* F_MouceHeart_063.png */ = {isa = PBXFileReference; lastKnownFileType = image.png; path = F_MouceHeart_063.png; sourceTree = "<group>"; };
		4305495427EF056E00E7B6E6 /* F_MouceHeart_062.png */ = {isa = PBXFileReference; lastKnownFileType = image.png; path = F_MouceHeart_062.png; sourceTree = "<group>"; };
		4305495527EF056E00E7B6E6 /* F_MouceHeart_060.png */ = {isa = PBXFileReference; lastKnownFileType = image.png; path = F_MouceHeart_060.png; sourceTree = "<group>"; };
		4305495627EF056E00E7B6E6 /* F_MouceHeart_048.png */ = {isa = PBXFileReference; lastKnownFileType = image.png; path = F_MouceHeart_048.png; sourceTree = "<group>"; };
		4305495727EF056E00E7B6E6 /* F_MouceHeart_049.png */ = {isa = PBXFileReference; lastKnownFileType = image.png; path = F_MouceHeart_049.png; sourceTree = "<group>"; };
		4305495827EF056E00E7B6E6 /* F_MouceHeart_061.png */ = {isa = PBXFileReference; lastKnownFileType = image.png; path = F_MouceHeart_061.png; sourceTree = "<group>"; };
		4305495927EF056E00E7B6E6 /* F_MouceHeart_059.png */ = {isa = PBXFileReference; lastKnownFileType = image.png; path = F_MouceHeart_059.png; sourceTree = "<group>"; };
		4305495A27EF056E00E7B6E6 /* F_MouceHeart_071.png */ = {isa = PBXFileReference; lastKnownFileType = image.png; path = F_MouceHeart_071.png; sourceTree = "<group>"; };
		4305495B27EF056E00E7B6E6 /* F_MouceHeart_065.png */ = {isa = PBXFileReference; lastKnownFileType = image.png; path = F_MouceHeart_065.png; sourceTree = "<group>"; };
		4305495C27EF056E00E7B6E6 /* F_MouceHeart_064.png */ = {isa = PBXFileReference; lastKnownFileType = image.png; path = F_MouceHeart_064.png; sourceTree = "<group>"; };
		4305495D27EF056E00E7B6E6 /* F_MouceHeart_070.png */ = {isa = PBXFileReference; lastKnownFileType = image.png; path = F_MouceHeart_070.png; sourceTree = "<group>"; };
		4305495E27EF056E00E7B6E6 /* F_MouceHeart_058.png */ = {isa = PBXFileReference; lastKnownFileType = image.png; path = F_MouceHeart_058.png; sourceTree = "<group>"; };
		4305495F27EF056E00E7B6E6 /* F_MouceHeart_066.png */ = {isa = PBXFileReference; lastKnownFileType = image.png; path = F_MouceHeart_066.png; sourceTree = "<group>"; };
		4305496027EF056E00E7B6E6 /* F_MouceHeart_067.png */ = {isa = PBXFileReference; lastKnownFileType = image.png; path = F_MouceHeart_067.png; sourceTree = "<group>"; };
		4305496127EF056E00E7B6E6 /* F_MouceHeart_000.png */ = {isa = PBXFileReference; lastKnownFileType = image.png; path = F_MouceHeart_000.png; sourceTree = "<group>"; };
		4305496227EF056E00E7B6E6 /* F_MouceHeart_014.png */ = {isa = PBXFileReference; lastKnownFileType = image.png; path = F_MouceHeart_014.png; sourceTree = "<group>"; };
		4305496327EF056E00E7B6E6 /* F_MouceHeart_028.png */ = {isa = PBXFileReference; lastKnownFileType = image.png; path = F_MouceHeart_028.png; sourceTree = "<group>"; };
		4305496427EF056E00E7B6E6 /* F_MouceHeart_029.png */ = {isa = PBXFileReference; lastKnownFileType = image.png; path = F_MouceHeart_029.png; sourceTree = "<group>"; };
		4305496527EF056E00E7B6E6 /* F_MouceHeart_015.png */ = {isa = PBXFileReference; lastKnownFileType = image.png; path = F_MouceHeart_015.png; sourceTree = "<group>"; };
		4305496627EF056E00E7B6E6 /* F_MouceHeart_001.png */ = {isa = PBXFileReference; lastKnownFileType = image.png; path = F_MouceHeart_001.png; sourceTree = "<group>"; };
		4305496727EF056E00E7B6E6 /* F_MouceHeart_017.png */ = {isa = PBXFileReference; lastKnownFileType = image.png; path = F_MouceHeart_017.png; sourceTree = "<group>"; };
		4305496827EF056E00E7B6E6 /* F_MouceHeart_003.png */ = {isa = PBXFileReference; lastKnownFileType = image.png; path = F_MouceHeart_003.png; sourceTree = "<group>"; };
		4305496927EF056E00E7B6E6 /* F_MouceHeart_002.png */ = {isa = PBXFileReference; lastKnownFileType = image.png; path = F_MouceHeart_002.png; sourceTree = "<group>"; };
		4305496A27EF056E00E7B6E6 /* F_MouceHeart_016.png */ = {isa = PBXFileReference; lastKnownFileType = image.png; path = F_MouceHeart_016.png; sourceTree = "<group>"; };
		4305496B27EF056E00E7B6E6 /* F_MouceHeart_012.png */ = {isa = PBXFileReference; lastKnownFileType = image.png; path = F_MouceHeart_012.png; sourceTree = "<group>"; };
		4305496C27EF056E00E7B6E6 /* F_MouceHeart_006.png */ = {isa = PBXFileReference; lastKnownFileType = image.png; path = F_MouceHeart_006.png; sourceTree = "<group>"; };
		4305496D27EF056E00E7B6E6 /* F_MouceHeart_007.png */ = {isa = PBXFileReference; lastKnownFileType = image.png; path = F_MouceHeart_007.png; sourceTree = "<group>"; };
		4305496E27EF056E00E7B6E6 /* F_MouceHeart_013.png */ = {isa = PBXFileReference; lastKnownFileType = image.png; path = F_MouceHeart_013.png; sourceTree = "<group>"; };
		4305496F27EF056E00E7B6E6 /* F_MouceHeart_039.png */ = {isa = PBXFileReference; lastKnownFileType = image.png; path = F_MouceHeart_039.png; sourceTree = "<group>"; };
		4305497027EF056E00E7B6E6 /* F_MouceHeart_005.png */ = {isa = PBXFileReference; lastKnownFileType = image.png; path = F_MouceHeart_005.png; sourceTree = "<group>"; };
		4305497127EF056E00E7B6E6 /* F_MouceHeart_011.png */ = {isa = PBXFileReference; lastKnownFileType = image.png; path = F_MouceHeart_011.png; sourceTree = "<group>"; };
		4305497227EF056E00E7B6E6 /* F_MouceHeart_010.png */ = {isa = PBXFileReference; lastKnownFileType = image.png; path = F_MouceHeart_010.png; sourceTree = "<group>"; };
		4305497327EF056E00E7B6E6 /* F_MouceHeart_004.png */ = {isa = PBXFileReference; lastKnownFileType = image.png; path = F_MouceHeart_004.png; sourceTree = "<group>"; };
		4305497427EF056E00E7B6E6 /* F_MouceHeart_038.png */ = {isa = PBXFileReference; lastKnownFileType = image.png; path = F_MouceHeart_038.png; sourceTree = "<group>"; };
		4305497527EF056E00E7B6E6 /* F_MouceHeart_021.png */ = {isa = PBXFileReference; lastKnownFileType = image.png; path = F_MouceHeart_021.png; sourceTree = "<group>"; };
		4305497627EF056E00E7B6E6 /* F_MouceHeart_035.png */ = {isa = PBXFileReference; lastKnownFileType = image.png; path = F_MouceHeart_035.png; sourceTree = "<group>"; };
		4305497727EF056E00E7B6E6 /* F_MouceHeart_009.png */ = {isa = PBXFileReference; lastKnownFileType = image.png; path = F_MouceHeart_009.png; sourceTree = "<group>"; };
		4305497827EF056E00E7B6E6 /* F_MouceHeart_008.png */ = {isa = PBXFileReference; lastKnownFileType = image.png; path = F_MouceHeart_008.png; sourceTree = "<group>"; };
		4305497927EF056E00E7B6E6 /* F_MouceHeart_034.png */ = {isa = PBXFileReference; lastKnownFileType = image.png; path = F_MouceHeart_034.png; sourceTree = "<group>"; };
		4305497A27EF056E00E7B6E6 /* F_MouceHeart_020.png */ = {isa = PBXFileReference; lastKnownFileType = image.png; path = F_MouceHeart_020.png; sourceTree = "<group>"; };
		4305497B27EF056E00E7B6E6 /* F_MouceHeart_036.png */ = {isa = PBXFileReference; lastKnownFileType = image.png; path = F_MouceHeart_036.png; sourceTree = "<group>"; };
		4305497C27EF056E00E7B6E6 /* F_MouceHeart_022.png */ = {isa = PBXFileReference; lastKnownFileType = image.png; path = F_MouceHeart_022.png; sourceTree = "<group>"; };
		4305497D27EF056E00E7B6E6 /* F_MouceHeart_023.png */ = {isa = PBXFileReference; lastKnownFileType = image.png; path = F_MouceHeart_023.png; sourceTree = "<group>"; };
		4305497E27EF056E00E7B6E6 /* F_MouceHeart_037.png */ = {isa = PBXFileReference; lastKnownFileType = image.png; path = F_MouceHeart_037.png; sourceTree = "<group>"; };
		4305497F27EF056E00E7B6E6 /* F_MouceHeart_033.png */ = {isa = PBXFileReference; lastKnownFileType = image.png; path = F_MouceHeart_033.png; sourceTree = "<group>"; };
		4305498027EF056E00E7B6E6 /* F_MouceHeart_027.png */ = {isa = PBXFileReference; lastKnownFileType = image.png; path = F_MouceHeart_027.png; sourceTree = "<group>"; };
		4305498127EF056E00E7B6E6 /* F_MouceHeart_026.png */ = {isa = PBXFileReference; lastKnownFileType = image.png; path = F_MouceHeart_026.png; sourceTree = "<group>"; };
		4305498227EF056E00E7B6E6 /* F_MouceHeart_032.png */ = {isa = PBXFileReference; lastKnownFileType = image.png; path = F_MouceHeart_032.png; sourceTree = "<group>"; };
		4305498327EF056E00E7B6E6 /* F_MouceHeart_018.png */ = {isa = PBXFileReference; lastKnownFileType = image.png; path = F_MouceHeart_018.png; sourceTree = "<group>"; };
		4305498427EF056E00E7B6E6 /* F_MouceHeart_024.png */ = {isa = PBXFileReference; lastKnownFileType = image.png; path = F_MouceHeart_024.png; sourceTree = "<group>"; };
		4305498527EF056E00E7B6E6 /* F_MouceHeart_030.png */ = {isa = PBXFileReference; lastKnownFileType = image.png; path = F_MouceHeart_030.png; sourceTree = "<group>"; };
		4305498627EF056E00E7B6E6 /* F_MouceHeart_031.png */ = {isa = PBXFileReference; lastKnownFileType = image.png; path = F_MouceHeart_031.png; sourceTree = "<group>"; };
		4305498727EF056E00E7B6E6 /* F_MouceHeart_025.png */ = {isa = PBXFileReference; lastKnownFileType = image.png; path = F_MouceHeart_025.png; sourceTree = "<group>"; };
		4305498827EF056E00E7B6E6 /* F_MouceHeart_019.png */ = {isa = PBXFileReference; lastKnownFileType = image.png; path = F_MouceHeart_019.png; sourceTree = "<group>"; };
		4305498927EF056E00E7B6E6 /* F_MouceHeart_042.png */ = {isa = PBXFileReference; lastKnownFileType = image.png; path = F_MouceHeart_042.png; sourceTree = "<group>"; };
		4305498A27EF056E00E7B6E6 /* F_MouceHeart_056.png */ = {isa = PBXFileReference; lastKnownFileType = image.png; path = F_MouceHeart_056.png; sourceTree = "<group>"; };
		4305498B27EF056E00E7B6E6 /* F_MouceHeart_057.png */ = {isa = PBXFileReference; lastKnownFileType = image.png; path = F_MouceHeart_057.png; sourceTree = "<group>"; };
		4305498C27EF056E00E7B6E6 /* F_MouceHeart_043.png */ = {isa = PBXFileReference; lastKnownFileType = image.png; path = F_MouceHeart_043.png; sourceTree = "<group>"; };
		4305498D27EF056E00E7B6E6 /* F_MouceHeart_055.png */ = {isa = PBXFileReference; lastKnownFileType = image.png; path = F_MouceHeart_055.png; sourceTree = "<group>"; };
		4305498E27EF056E00E7B6E6 /* F_MouceHeart_041.png */ = {isa = PBXFileReference; lastKnownFileType = image.png; path = F_MouceHeart_041.png; sourceTree = "<group>"; };
		4305498F27EF056E00E7B6E6 /* F_MouceHeart_069.png */ = {isa = PBXFileReference; lastKnownFileType = image.png; path = F_MouceHeart_069.png; sourceTree = "<group>"; };
		4305499027EF056E00E7B6E6 /* F_MouceHeart_068.png */ = {isa = PBXFileReference; lastKnownFileType = image.png; path = F_MouceHeart_068.png; sourceTree = "<group>"; };
		4305499127EF056E00E7B6E6 /* F_MouceHeart_040.png */ = {isa = PBXFileReference; lastKnownFileType = image.png; path = F_MouceHeart_040.png; sourceTree = "<group>"; };
		4305499227EF056E00E7B6E6 /* F_MouceHeart_054.png */ = {isa = PBXFileReference; lastKnownFileType = image.png; path = F_MouceHeart_054.png; sourceTree = "<group>"; };
		4305499327EF056E00E7B6E6 /* F_MouceHeart_050.png */ = {isa = PBXFileReference; lastKnownFileType = image.png; path = F_MouceHeart_050.png; sourceTree = "<group>"; };
		4305499427EF056E00E7B6E6 /* F_MouceHeart_044.png */ = {isa = PBXFileReference; lastKnownFileType = image.png; path = F_MouceHeart_044.png; sourceTree = "<group>"; };
		4305499527EF056E00E7B6E6 /* F_MouceHeart_045.png */ = {isa = PBXFileReference; lastKnownFileType = image.png; path = F_MouceHeart_045.png; sourceTree = "<group>"; };
		4305499627EF056E00E7B6E6 /* F_MouceHeart_051.png */ = {isa = PBXFileReference; lastKnownFileType = image.png; path = F_MouceHeart_051.png; sourceTree = "<group>"; };
		4305499727EF056E00E7B6E6 /* F_MouceHeart_047.png */ = {isa = PBXFileReference; lastKnownFileType = image.png; path = F_MouceHeart_047.png; sourceTree = "<group>"; };
		4305499827EF056E00E7B6E6 /* F_MouceHeart_053.png */ = {isa = PBXFileReference; lastKnownFileType = image.png; path = F_MouceHeart_053.png; sourceTree = "<group>"; };
		4305499927EF056E00E7B6E6 /* F_MouceHeart_052.png */ = {isa = PBXFileReference; lastKnownFileType = image.png; path = F_MouceHeart_052.png; sourceTree = "<group>"; };
		4305499A27EF056E00E7B6E6 /* F_MouceHeart_046.png */ = {isa = PBXFileReference; lastKnownFileType = image.png; path = F_MouceHeart_046.png; sourceTree = "<group>"; };
		4324ABBF27E81D3E0063A6A3 /* Demo6_2ViewController.h */ = {isa = PBXFileReference; lastKnownFileType = sourcecode.c.h; path = Demo6_2ViewController.h; sourceTree = "<group>"; };
		4324ABC027E81D3E0063A6A3 /* Demo6_2ViewController.m */ = {isa = PBXFileReference; lastKnownFileType = sourcecode.c.objc; path = Demo6_2ViewController.m; sourceTree = "<group>"; };
		435839F327EA0C2D00D5696D /* Demo6_4ViewController.h */ = {isa = PBXFileReference; lastKnownFileType = sourcecode.c.h; path = Demo6_4ViewController.h; sourceTree = "<group>"; };
		435839F427EA0C2D00D5696D /* Demo6_4ViewController.m */ = {isa = PBXFileReference; lastKnownFileType = sourcecode.c.objc; path = Demo6_4ViewController.m; sourceTree = "<group>"; };
		439A42A527E9680100158CD4 /* Demo6_3ViewController.h */ = {isa = PBXFileReference; lastKnownFileType = sourcecode.c.h; path = Demo6_3ViewController.h; sourceTree = "<group>"; };
		439A42A627E9680100158CD4 /* Demo6_3ViewController.m */ = {isa = PBXFileReference; lastKnownFileType = sourcecode.c.objc; path = Demo6_3ViewController.m; sourceTree = "<group>"; };
		43A0DC3827EC146600F8027D /* Demo6_5ViewController.h */ = {isa = PBXFileReference; lastKnownFileType = sourcecode.c.h; path = Demo6_5ViewController.h; sourceTree = "<group>"; };
		43A0DC3927EC146600F8027D /* Demo6_5ViewController.m */ = {isa = PBXFileReference; lastKnownFileType = sourcecode.c.objc; path = Demo6_5ViewController.m; sourceTree = "<group>"; };
		43E5A6BA27E42CC8005D54A3 /* Demo_OpenGLES_6.app */ = {isa = PBXFileReference; explicitFileType = wrapper.application; includeInIndex = 0; path = Demo_OpenGLES_6.app; sourceTree = BUILT_PRODUCTS_DIR; };
		43E5A6BD27E42CC8005D54A3 /* AppDelegate.h */ = {isa = PBXFileReference; lastKnownFileType = sourcecode.c.h; path = AppDelegate.h; sourceTree = "<group>"; };
		43E5A6BE27E42CC8005D54A3 /* AppDelegate.m */ = {isa = PBXFileReference; lastKnownFileType = sourcecode.c.objc; path = AppDelegate.m; sourceTree = "<group>"; };
		43E5A6C027E42CC8005D54A3 /* ViewController.h */ = {isa = PBXFileReference; lastKnownFileType = sourcecode.c.h; path = ViewController.h; sourceTree = "<group>"; };
		43E5A6C127E42CC8005D54A3 /* ViewController.m */ = {isa = PBXFileReference; lastKnownFileType = sourcecode.c.objc; path = ViewController.m; sourceTree = "<group>"; };
		43E5A6C327E42CC8005D54A3 /* DemoList6ViewController.h */ = {isa = PBXFileReference; lastKnownFileType = sourcecode.c.h; path = DemoList6ViewController.h; sourceTree = "<group>"; };
		43E5A6C427E42CC8005D54A3 /* DemoList6ViewController.m */ = {isa = PBXFileReference; lastKnownFileType = sourcecode.c.objc; path = DemoList6ViewController.m; sourceTree = "<group>"; };
		43E5A6C727E42CC8005D54A3 /* Base */ = {isa = PBXFileReference; lastKnownFileType = file.storyboard; name = Base; path = Base.lproj/Main.storyboard; sourceTree = "<group>"; };
		43E5A6C927E42CC8005D54A3 /* Assets.xcassets */ = {isa = PBXFileReference; lastKnownFileType = folder.assetcatalog; path = Assets.xcassets; sourceTree = "<group>"; };
		43E5A6CC27E42CC8005D54A3 /* Base */ = {isa = PBXFileReference; lastKnownFileType = file.storyboard; name = Base; path = Base.lproj/LaunchScreen.storyboard; sourceTree = "<group>"; };
		43E5A6CE27E42CC8005D54A3 /* Info.plist */ = {isa = PBXFileReference; lastKnownFileType = text.plist.xml; path = Info.plist; sourceTree = "<group>"; };
		43E5A6CF27E42CC8005D54A3 /* main.m */ = {isa = PBXFileReference; lastKnownFileType = sourcecode.c.objc; path = main.m; sourceTree = "<group>"; };
		43E5A6D627E42E07005D54A3 /* Demo6_1ViewController.h */ = {isa = PBXFileReference; lastKnownFileType = sourcecode.c.h; path = Demo6_1ViewController.h; sourceTree = "<group>"; };
		43E5A6D727E42E07005D54A3 /* Demo6_1ViewController.m */ = {isa = PBXFileReference; lastKnownFileType = sourcecode.c.objc; path = Demo6_1ViewController.m; sourceTree = "<group>"; };
		70E21D1442C36F14785CDDF2 /* Pods-Demo_OpenGLES_6.release.xcconfig */ = {isa = PBXFileReference; includeInIndex = 1; lastKnownFileType = text.xcconfig; name = "Pods-Demo_OpenGLES_6.release.xcconfig"; path = "Target Support Files/Pods-Demo_OpenGLES_6/Pods-Demo_OpenGLES_6.release.xcconfig"; sourceTree = "<group>"; };
		E30FB1E9C636C952BF9CEB4B /* libPods-Demo_OpenGLES_6.a */ = {isa = PBXFileReference; explicitFileType = archive.ar; includeInIndex = 0; path = "libPods-Demo_OpenGLES_6.a"; sourceTree = BUILT_PRODUCTS_DIR; };
/* End PBXFileReference section */

/* Begin PBXFrameworksBuildPhase section */
		43E5A6B727E42CC8005D54A3 /* Frameworks */ = {
			isa = PBXFrameworksBuildPhase;
			buildActionMask = 2147483647;
			files = (
				9B1F33C4052EDECCF93B2533 /* libPods-Demo_OpenGLES_6.a in Frameworks */,
			);
			runOnlyForDeploymentPostprocessing = 0;
		};
/* End PBXFrameworksBuildPhase section */

/* Begin PBXGroup section */
		0F1EFCF72B314979631960A1 /* Frameworks */ = {
			isa = PBXGroup;
			children = (
				E30FB1E9C636C952BF9CEB4B /* libPods-Demo_OpenGLES_6.a */,
			);
			name = Frameworks;
			sourceTree = "<group>";
		};
		4305494D27EF056E00E7B6E6 /* Resources */ = {
			isa = PBXGroup;
			children = (
				4305494E27EF056E00E7B6E6 /* xianhua.png */,
				4305494F27EF056E00E7B6E6 /* heart.png */,
				4305495027EF056E00E7B6E6 /* heart.json */,
				4305495127EF056E00E7B6E6 /* saber.jpeg */,
				4305495227EF056E00E7B6E6 /* heart_200_150_72 */,
			);
			path = Resources;
			sourceTree = "<group>";
		};
		4305495227EF056E00E7B6E6 /* heart_200_150_72 */ = {
			isa = PBXGroup;
			children = (
				4305496127EF056E00E7B6E6 /* F_MouceHeart_000.png */,
				4305496627EF056E00E7B6E6 /* F_MouceHeart_001.png */,
				4305496927EF056E00E7B6E6 /* F_MouceHeart_002.png */,
				4305496827EF056E00E7B6E6 /* F_MouceHeart_003.png */,
				4305497327EF056E00E7B6E6 /* F_MouceHeart_004.png */,
				4305497027EF056E00E7B6E6 /* F_MouceHeart_005.png */,
				4305496C27EF056E00E7B6E6 /* F_MouceHeart_006.png */,
				4305496D27EF056E00E7B6E6 /* F_MouceHeart_007.png */,
				4305497827EF056E00E7B6E6 /* F_MouceHeart_008.png */,
				4305497727EF056E00E7B6E6 /* F_MouceHeart_009.png */,
				4305497227EF056E00E7B6E6 /* F_MouceHeart_010.png */,
				4305497127EF056E00E7B6E6 /* F_MouceHeart_011.png */,
				4305496B27EF056E00E7B6E6 /* F_MouceHeart_012.png */,
				4305496E27EF056E00E7B6E6 /* F_MouceHeart_013.png */,
				4305496227EF056E00E7B6E6 /* F_MouceHeart_014.png */,
				4305496527EF056E00E7B6E6 /* F_MouceHeart_015.png */,
				4305496A27EF056E00E7B6E6 /* F_MouceHeart_016.png */,
				4305496727EF056E00E7B6E6 /* F_MouceHeart_017.png */,
				4305498327EF056E00E7B6E6 /* F_MouceHeart_018.png */,
				4305498827EF056E00E7B6E6 /* F_MouceHeart_019.png */,
				4305497A27EF056E00E7B6E6 /* F_MouceHeart_020.png */,
				4305497527EF056E00E7B6E6 /* F_MouceHeart_021.png */,
				4305497C27EF056E00E7B6E6 /* F_MouceHeart_022.png */,
				4305497D27EF056E00E7B6E6 /* F_MouceHeart_023.png */,
				4305498427EF056E00E7B6E6 /* F_MouceHeart_024.png */,
				4305498727EF056E00E7B6E6 /* F_MouceHeart_025.png */,
				4305498127EF056E00E7B6E6 /* F_MouceHeart_026.png */,
				4305498027EF056E00E7B6E6 /* F_MouceHeart_027.png */,
				4305496327EF056E00E7B6E6 /* F_MouceHeart_028.png */,
				4305496427EF056E00E7B6E6 /* F_MouceHeart_029.png */,
				4305498527EF056E00E7B6E6 /* F_MouceHeart_030.png */,
				4305498627EF056E00E7B6E6 /* F_MouceHeart_031.png */,
				4305498227EF056E00E7B6E6 /* F_MouceHeart_032.png */,
				4305497F27EF056E00E7B6E6 /* F_MouceHeart_033.png */,
				4305497927EF056E00E7B6E6 /* F_MouceHeart_034.png */,
				4305497627EF056E00E7B6E6 /* F_MouceHeart_035.png */,
				4305497B27EF056E00E7B6E6 /* F_MouceHeart_036.png */,
				4305497E27EF056E00E7B6E6 /* F_MouceHeart_037.png */,
				4305497427EF056E00E7B6E6 /* F_MouceHeart_038.png */,
				4305496F27EF056E00E7B6E6 /* F_MouceHeart_039.png */,
				4305499127EF056E00E7B6E6 /* F_MouceHeart_040.png */,
				4305498E27EF056E00E7B6E6 /* F_MouceHeart_041.png */,
				4305498927EF056E00E7B6E6 /* F_MouceHeart_042.png */,
				4305498C27EF056E00E7B6E6 /* F_MouceHeart_043.png */,
				4305499427EF056E00E7B6E6 /* F_MouceHeart_044.png */,
				4305499527EF056E00E7B6E6 /* F_MouceHeart_045.png */,
				4305499A27EF056E00E7B6E6 /* F_MouceHeart_046.png */,
				4305499727EF056E00E7B6E6 /* F_MouceHeart_047.png */,
				4305495627EF056E00E7B6E6 /* F_MouceHeart_048.png */,
				4305495727EF056E00E7B6E6 /* F_MouceHeart_049.png */,
				4305499327EF056E00E7B6E6 /* F_MouceHeart_050.png */,
				4305499627EF056E00E7B6E6 /* F_MouceHeart_051.png */,
				4305499927EF056E00E7B6E6 /* F_MouceHeart_052.png */,
				4305499827EF056E00E7B6E6 /* F_MouceHeart_053.png */,
				4305499227EF056E00E7B6E6 /* F_MouceHeart_054.png */,
				4305498D27EF056E00E7B6E6 /* F_MouceHeart_055.png */,
				4305498A27EF056E00E7B6E6 /* F_MouceHeart_056.png */,
				4305498B27EF056E00E7B6E6 /* F_MouceHeart_057.png */,
				4305495E27EF056E00E7B6E6 /* F_MouceHeart_058.png */,
				4305495927EF056E00E7B6E6 /* F_MouceHeart_059.png */,
				4305495527EF056E00E7B6E6 /* F_MouceHeart_060.png */,
				4305495827EF056E00E7B6E6 /* F_MouceHeart_061.png */,
				4305495427EF056E00E7B6E6 /* F_MouceHeart_062.png */,
				4305495327EF056E00E7B6E6 /* F_MouceHeart_063.png */,
				4305495C27EF056E00E7B6E6 /* F_MouceHeart_064.png */,
				4305495B27EF056E00E7B6E6 /* F_MouceHeart_065.png */,
				4305495F27EF056E00E7B6E6 /* F_MouceHeart_066.png */,
				4305496027EF056E00E7B6E6 /* F_MouceHeart_067.png */,
				4305499027EF056E00E7B6E6 /* F_MouceHeart_068.png */,
				4305498F27EF056E00E7B6E6 /* F_MouceHeart_069.png */,
				4305495D27EF056E00E7B6E6 /* F_MouceHeart_070.png */,
				4305495A27EF056E00E7B6E6 /* F_MouceHeart_071.png */,
			);
			path = heart_200_150_72;
			sourceTree = "<group>";
		};
		43E5A6B127E42CC8005D54A3 = {
			isa = PBXGroup;
			children = (
				43E5A6BC27E42CC8005D54A3 /* Demo_OpenGLES_6 */,
				43E5A6BB27E42CC8005D54A3 /* Products */,
				DEF9544A24F5EF99F8826682 /* Pods */,
				0F1EFCF72B314979631960A1 /* Frameworks */,
			);
			sourceTree = "<group>";
		};
		43E5A6BB27E42CC8005D54A3 /* Products */ = {
			isa = PBXGroup;
			children = (
				43E5A6BA27E42CC8005D54A3 /* Demo_OpenGLES_6.app */,
			);
			name = Products;
			sourceTree = "<group>";
		};
		43E5A6BC27E42CC8005D54A3 /* Demo_OpenGLES_6 */ = {
			isa = PBXGroup;
			children = (
				4305494D27EF056E00E7B6E6 /* Resources */,
				43E5A6BD27E42CC8005D54A3 /* AppDelegate.h */,
				43E5A6BE27E42CC8005D54A3 /* AppDelegate.m */,
				43E5A6C027E42CC8005D54A3 /* ViewController.h */,
				43E5A6C127E42CC8005D54A3 /* ViewController.m */,
				43E5A6C327E42CC8005D54A3 /* DemoList6ViewController.h */,
				43E5A6C427E42CC8005D54A3 /* DemoList6ViewController.m */,
				43E5A6D627E42E07005D54A3 /* Demo6_1ViewController.h */,
				43E5A6D727E42E07005D54A3 /* Demo6_1ViewController.m */,
				4324ABBF27E81D3E0063A6A3 /* Demo6_2ViewController.h */,
				4324ABC027E81D3E0063A6A3 /* Demo6_2ViewController.m */,
				439A42A527E9680100158CD4 /* Demo6_3ViewController.h */,
				439A42A627E9680100158CD4 /* Demo6_3ViewController.m */,
				435839F327EA0C2D00D5696D /* Demo6_4ViewController.h */,
				435839F427EA0C2D00D5696D /* Demo6_4ViewController.m */,
				43A0DC3827EC146600F8027D /* Demo6_5ViewController.h */,
				43A0DC3927EC146600F8027D /* Demo6_5ViewController.m */,
				4305494A27EEFABB00E7B6E6 /* Demo6_6ViewController.h */,
				4305494B27EEFABB00E7B6E6 /* Demo6_6ViewController.m */,
				43E5A6C627E42CC8005D54A3 /* Main.storyboard */,
				43E5A6C927E42CC8005D54A3 /* Assets.xcassets */,
				43E5A6CB27E42CC8005D54A3 /* LaunchScreen.storyboard */,
				43E5A6CE27E42CC8005D54A3 /* Info.plist */,
				43E5A6CF27E42CC8005D54A3 /* main.m */,
			);
			path = Demo_OpenGLES_6;
			sourceTree = "<group>";
		};
		DEF9544A24F5EF99F8826682 /* Pods */ = {
			isa = PBXGroup;
			children = (
				051213C23E798873BD08A2B0 /* Pods-Demo_OpenGLES_6.debug.xcconfig */,
				70E21D1442C36F14785CDDF2 /* Pods-Demo_OpenGLES_6.release.xcconfig */,
			);
			path = Pods;
			sourceTree = "<group>";
		};
/* End PBXGroup section */

/* Begin PBXNativeTarget section */
		43E5A6B927E42CC8005D54A3 /* Demo_OpenGLES_6 */ = {
			isa = PBXNativeTarget;
			buildConfigurationList = 43E5A6D327E42CC8005D54A3 /* Build configuration list for PBXNativeTarget "Demo_OpenGLES_6" */;
			buildPhases = (
				DAB0551BD9781D98B1B87B6F /* [CP] Check Pods Manifest.lock */,
				43E5A6B627E42CC8005D54A3 /* Sources */,
				43E5A6B727E42CC8005D54A3 /* Frameworks */,
				43E5A6B827E42CC8005D54A3 /* Resources */,
			);
			buildRules = (
			);
			dependencies = (
			);
			name = Demo_OpenGLES_6;
			productName = Demo_OpenGLES_6;
			productReference = 43E5A6BA27E42CC8005D54A3 /* Demo_OpenGLES_6.app */;
			productType = "com.apple.product-type.application";
		};
/* End PBXNativeTarget section */

/* Begin PBXProject section */
		43E5A6B227E42CC8005D54A3 /* Project object */ = {
			isa = PBXProject;
			attributes = {
				BuildIndependentTargetsInParallel = 1;
				LastUpgradeCheck = 1320;
				TargetAttributes = {
					43E5A6B927E42CC8005D54A3 = {
						CreatedOnToolsVersion = 13.2.1;
					};
				};
			};
			buildConfigurationList = 43E5A6B527E42CC8005D54A3 /* Build configuration list for PBXProject "Demo_OpenGLES_6" */;
			compatibilityVersion = "Xcode 13.0";
			developmentRegion = en;
			hasScannedForEncodings = 0;
			knownRegions = (
				en,
				Base,
			);
			mainGroup = 43E5A6B127E42CC8005D54A3;
			productRefGroup = 43E5A6BB27E42CC8005D54A3 /* Products */;
			projectDirPath = "";
			projectRoot = "";
			targets = (
				43E5A6B927E42CC8005D54A3 /* Demo_OpenGLES_6 */,
			);
		};
/* End PBXProject section */

/* Begin PBXResourcesBuildPhase section */
		43E5A6B827E42CC8005D54A3 /* Resources */ = {
			isa = PBXResourcesBuildPhase;
			buildActionMask = 2147483647;
			files = (
				430549CA27EF056E00E7B6E6 /* F_MouceHeart_037.png in Resources */,
				430549C227EF056E00E7B6E6 /* F_MouceHeart_035.png in Resources */,
				430549DE27EF056E00E7B6E6 /* F_MouceHeart_054.png in Resources */,
				430549D227EF056E00E7B6E6 /* F_MouceHeart_031.png in Resources */,
				430549B527EF056E00E7B6E6 /* F_MouceHeart_002.png in Resources */,
				430549B327EF056E00E7B6E6 /* F_MouceHeart_017.png in Resources */,
				430549B027EF056E00E7B6E6 /* F_MouceHeart_029.png in Resources */,
				430549CE27EF056E00E7B6E6 /* F_MouceHeart_032.png in Resources */,
				430549C127EF056E00E7B6E6 /* F_MouceHeart_021.png in Resources */,
				430549AD27EF056E00E7B6E6 /* F_MouceHeart_000.png in Resources */,
				430549AB27EF056E00E7B6E6 /* F_MouceHeart_066.png in Resources */,
				430549BA27EF056E00E7B6E6 /* F_MouceHeart_013.png in Resources */,
				430549BE27EF056E00E7B6E6 /* F_MouceHeart_010.png in Resources */,
				430549B227EF056E00E7B6E6 /* F_MouceHeart_001.png in Resources */,
				430549A827EF056E00E7B6E6 /* F_MouceHeart_064.png in Resources */,
				430549E127EF056E00E7B6E6 /* F_MouceHeart_045.png in Resources */,
				430549CC27EF056E00E7B6E6 /* F_MouceHeart_027.png in Resources */,
				430549D827EF056E00E7B6E6 /* F_MouceHeart_043.png in Resources */,
				430549D327EF056E00E7B6E6 /* F_MouceHeart_025.png in Resources */,
				430549BD27EF056E00E7B6E6 /* F_MouceHeart_011.png in Resources */,
				430549A627EF056E00E7B6E6 /* F_MouceHeart_071.png in Resources */,
				430549E527EF056E00E7B6E6 /* F_MouceHeart_052.png in Resources */,
				430549A127EF056E00E7B6E6 /* F_MouceHeart_060.png in Resources */,
				430549DF27EF056E00E7B6E6 /* F_MouceHeart_050.png in Resources */,
				430549B627EF056E00E7B6E6 /* F_MouceHeart_016.png in Resources */,
				430549D727EF056E00E7B6E6 /* F_MouceHeart_057.png in Resources */,
				430549C927EF056E00E7B6E6 /* F_MouceHeart_023.png in Resources */,
				430549B427EF056E00E7B6E6 /* F_MouceHeart_003.png in Resources */,
				430549E327EF056E00E7B6E6 /* F_MouceHeart_047.png in Resources */,
				430549DC27EF056E00E7B6E6 /* F_MouceHeart_068.png in Resources */,
				430549BB27EF056E00E7B6E6 /* F_MouceHeart_039.png in Resources */,
				430549B727EF056E00E7B6E6 /* F_MouceHeart_012.png in Resources */,
				430549E227EF056E00E7B6E6 /* F_MouceHeart_051.png in Resources */,
				430549A927EF056E00E7B6E6 /* F_MouceHeart_070.png in Resources */,
				430549A427EF056E00E7B6E6 /* F_MouceHeart_061.png in Resources */,
				430549A727EF056E00E7B6E6 /* F_MouceHeart_065.png in Resources */,
				430549CF27EF056E00E7B6E6 /* F_MouceHeart_018.png in Resources */,
				4305499B27EF056E00E7B6E6 /* xianhua.png in Resources */,
				430549D027EF056E00E7B6E6 /* F_MouceHeart_024.png in Resources */,
				430549BF27EF056E00E7B6E6 /* F_MouceHeart_004.png in Resources */,
				4305499F27EF056E00E7B6E6 /* F_MouceHeart_063.png in Resources */,
				430549D527EF056E00E7B6E6 /* F_MouceHeart_042.png in Resources */,
				430549E627EF056E00E7B6E6 /* F_MouceHeart_046.png in Resources */,
				430549B927EF056E00E7B6E6 /* F_MouceHeart_007.png in Resources */,
				430549C027EF056E00E7B6E6 /* F_MouceHeart_038.png in Resources */,
				430549AC27EF056E00E7B6E6 /* F_MouceHeart_067.png in Resources */,
				430549CD27EF056E00E7B6E6 /* F_MouceHeart_026.png in Resources */,
				430549BC27EF056E00E7B6E6 /* F_MouceHeart_005.png in Resources */,
				430549CB27EF056E00E7B6E6 /* F_MouceHeart_033.png in Resources */,
				430549AA27EF056E00E7B6E6 /* F_MouceHeart_058.png in Resources */,
				430549A527EF056E00E7B6E6 /* F_MouceHeart_059.png in Resources */,
				430549DA27EF056E00E7B6E6 /* F_MouceHeart_041.png in Resources */,
				430549C427EF056E00E7B6E6 /* F_MouceHeart_008.png in Resources */,
				43E5A6CD27E42CC8005D54A3 /* LaunchScreen.storyboard in Resources */,
				430549C627EF056E00E7B6E6 /* F_MouceHeart_020.png in Resources */,
				430549C727EF056E00E7B6E6 /* F_MouceHeart_036.png in Resources */,
				430549B827EF056E00E7B6E6 /* F_MouceHeart_006.png in Resources */,
				430549A027EF056E00E7B6E6 /* F_MouceHeart_062.png in Resources */,
				430549D427EF056E00E7B6E6 /* F_MouceHeart_019.png in Resources */,
				430549DB27EF056E00E7B6E6 /* F_MouceHeart_069.png in Resources */,
				430549D627EF056E00E7B6E6 /* F_MouceHeart_056.png in Resources */,
				4305499D27EF056E00E7B6E6 /* heart.json in Resources */,
				4305499C27EF056E00E7B6E6 /* heart.png in Resources */,
				430549B127EF056E00E7B6E6 /* F_MouceHeart_015.png in Resources */,
				430549A227EF056E00E7B6E6 /* F_MouceHeart_048.png in Resources */,
				430549C327EF056E00E7B6E6 /* F_MouceHeart_009.png in Resources */,
				430549E427EF056E00E7B6E6 /* F_MouceHeart_053.png in Resources */,
				430549E027EF056E00E7B6E6 /* F_MouceHeart_044.png in Resources */,
				430549AF27EF056E00E7B6E6 /* F_MouceHeart_028.png in Resources */,
				430549DD27EF056E00E7B6E6 /* F_MouceHeart_040.png in Resources */,
				430549C827EF056E00E7B6E6 /* F_MouceHeart_022.png in Resources */,
				430549AE27EF056E00E7B6E6 /* F_MouceHeart_014.png in Resources */,
				43E5A6CA27E42CC8005D54A3 /* Assets.xcassets in Resources */,
				430549D927EF056E00E7B6E6 /* F_MouceHeart_055.png in Resources */,
				430549A327EF056E00E7B6E6 /* F_MouceHeart_049.png in Resources */,
				430549C527EF056E00E7B6E6 /* F_MouceHeart_034.png in Resources */,
				43E5A6C827E42CC8005D54A3 /* Main.storyboard in Resources */,
				4305499E27EF056E00E7B6E6 /* saber.jpeg in Resources */,
				430549D127EF056E00E7B6E6 /* F_MouceHeart_030.png in Resources */,
			);
			runOnlyForDeploymentPostprocessing = 0;
		};
/* End PBXResourcesBuildPhase section */

/* Begin PBXShellScriptBuildPhase section */
		DAB0551BD9781D98B1B87B6F /* [CP] Check Pods Manifest.lock */ = {
			isa = PBXShellScriptBuildPhase;
			buildActionMask = 2147483647;
			files = (
			);
			inputFileListPaths = (
			);
			inputPaths = (
				"${PODS_PODFILE_DIR_PATH}/Podfile.lock",
				"${PODS_ROOT}/Manifest.lock",
			);
			name = "[CP] Check Pods Manifest.lock";
			outputFileListPaths = (
			);
			outputPaths = (
				"$(DERIVED_FILE_DIR)/Pods-Demo_OpenGLES_6-checkManifestLockResult.txt",
			);
			runOnlyForDeploymentPostprocessing = 0;
			shellPath = /bin/sh;
			shellScript = "diff \"${PODS_PODFILE_DIR_PATH}/Podfile.lock\" \"${PODS_ROOT}/Manifest.lock\" > /dev/null\nif [ $? != 0 ] ; then\n    # print error to STDERR\n    echo \"error: The sandbox is not in sync with the Podfile.lock. Run 'pod install' or update your CocoaPods installation.\" >&2\n    exit 1\nfi\n# This output is used by Xcode 'outputs' to avoid re-running this script phase.\necho \"SUCCESS\" > \"${SCRIPT_OUTPUT_FILE_0}\"\n";
			showEnvVarsInLog = 0;
		};
/* End PBXShellScriptBuildPhase section */

/* Begin PBXSourcesBuildPhase section */
		43E5A6B627E42CC8005D54A3 /* Sources */ = {
			isa = PBXSourcesBuildPhase;
			buildActionMask = 2147483647;
			files = (
				43E5A6D827E42E07005D54A3 /* Demo6_1ViewController.m in Sources */,
				4305494C27EEFABB00E7B6E6 /* Demo6_6ViewController.m in Sources */,
				43E5A6C227E42CC8005D54A3 /* ViewController.m in Sources */,
				43E5A6C527E42CC8005D54A3 /* DemoList6ViewController.m in Sources */,
				43E5A6D027E42CC8005D54A3 /* main.m in Sources */,
				439A42A727E9680100158CD4 /* Demo6_3ViewController.m in Sources */,
				43E5A6BF27E42CC8005D54A3 /* AppDelegate.m in Sources */,
				43A0DC3A27EC146600F8027D /* Demo6_5ViewController.m in Sources */,
				4324ABC127E81D3E0063A6A3 /* Demo6_2ViewController.m in Sources */,
				435839F527EA0C2D00D5696D /* Demo6_4ViewController.m in Sources */,
			);
			runOnlyForDeploymentPostprocessing = 0;
		};
/* End PBXSourcesBuildPhase section */

/* Begin PBXVariantGroup section */
		43E5A6C627E42CC8005D54A3 /* Main.storyboard */ = {
			isa = PBXVariantGroup;
			children = (
				43E5A6C727E42CC8005D54A3 /* Base */,
			);
			name = Main.storyboard;
			sourceTree = "<group>";
		};
		43E5A6CB27E42CC8005D54A3 /* LaunchScreen.storyboard */ = {
			isa = PBXVariantGroup;
			children = (
				43E5A6CC27E42CC8005D54A3 /* Base */,
			);
			name = LaunchScreen.storyboard;
			sourceTree = "<group>";
		};
/* End PBXVariantGroup section */

/* Begin XCBuildConfiguration section */
		43E5A6D127E42CC8005D54A3 /* Debug */ = {
			isa = XCBuildConfiguration;
			buildSettings = {
				ALWAYS_SEARCH_USER_PATHS = NO;
				CLANG_ANALYZER_NONNULL = YES;
				CLANG_ANALYZER_NUMBER_OBJECT_CONVERSION = YES_AGGRESSIVE;
				CLANG_CXX_LANGUAGE_STANDARD = "gnu++17";
				CLANG_CXX_LIBRARY = "libc++";
				CLANG_ENABLE_MODULES = YES;
				CLANG_ENABLE_OBJC_ARC = YES;
				CLANG_ENABLE_OBJC_WEAK = YES;
				CLANG_WARN_BLOCK_CAPTURE_AUTORELEASING = YES;
				CLANG_WARN_BOOL_CONVERSION = YES;
				CLANG_WARN_COMMA = YES;
				CLANG_WARN_CONSTANT_CONVERSION = YES;
				CLANG_WARN_DEPRECATED_OBJC_IMPLEMENTATIONS = YES;
				CLANG_WARN_DIRECT_OBJC_ISA_USAGE = YES_ERROR;
				CLANG_WARN_DOCUMENTATION_COMMENTS = YES;
				CLANG_WARN_EMPTY_BODY = YES;
				CLANG_WARN_ENUM_CONVERSION = YES;
				CLANG_WARN_INFINITE_RECURSION = YES;
				CLANG_WARN_INT_CONVERSION = YES;
				CLANG_WARN_NON_LITERAL_NULL_CONVERSION = YES;
				CLANG_WARN_OBJC_IMPLICIT_RETAIN_SELF = YES;
				CLANG_WARN_OBJC_LITERAL_CONVERSION = YES;
				CLANG_WARN_OBJC_ROOT_CLASS = YES_ERROR;
				CLANG_WARN_QUOTED_INCLUDE_IN_FRAMEWORK_HEADER = YES;
				CLANG_WARN_RANGE_LOOP_ANALYSIS = YES;
				CLANG_WARN_STRICT_PROTOTYPES = YES;
				CLANG_WARN_SUSPICIOUS_MOVE = YES;
				CLANG_WARN_UNGUARDED_AVAILABILITY = YES_AGGRESSIVE;
				CLANG_WARN_UNREACHABLE_CODE = YES;
				CLANG_WARN__DUPLICATE_METHOD_MATCH = YES;
				COPY_PHASE_STRIP = NO;
				DEBUG_INFORMATION_FORMAT = dwarf;
				ENABLE_STRICT_OBJC_MSGSEND = YES;
				ENABLE_TESTABILITY = YES;
				GCC_C_LANGUAGE_STANDARD = gnu11;
				GCC_DYNAMIC_NO_PIC = NO;
				GCC_NO_COMMON_BLOCKS = YES;
				GCC_OPTIMIZATION_LEVEL = 0;
				GCC_PREPROCESSOR_DEFINITIONS = (
					"DEBUG=1",
					"$(inherited)",
				);
				GCC_WARN_64_TO_32_BIT_CONVERSION = YES;
				GCC_WARN_ABOUT_RETURN_TYPE = YES_ERROR;
				GCC_WARN_UNDECLARED_SELECTOR = YES;
				GCC_WARN_UNINITIALIZED_AUTOS = YES_AGGRESSIVE;
				GCC_WARN_UNUSED_FUNCTION = YES;
				GCC_WARN_UNUSED_VARIABLE = YES;
				IPHONEOS_DEPLOYMENT_TARGET = 9.0;
				MTL_ENABLE_DEBUG_INFO = INCLUDE_SOURCE;
				MTL_FAST_MATH = YES;
				ONLY_ACTIVE_ARCH = YES;
				SDKROOT = iphoneos;
			};
			name = Debug;
		};
		43E5A6D227E42CC8005D54A3 /* Release */ = {
			isa = XCBuildConfiguration;
			buildSettings = {
				ALWAYS_SEARCH_USER_PATHS = NO;
				CLANG_ANALYZER_NONNULL = YES;
				CLANG_ANALYZER_NUMBER_OBJECT_CONVERSION = YES_AGGRESSIVE;
				CLANG_CXX_LANGUAGE_STANDARD = "gnu++17";
				CLANG_CXX_LIBRARY = "libc++";
				CLANG_ENABLE_MODULES = YES;
				CLANG_ENABLE_OBJC_ARC = YES;
				CLANG_ENABLE_OBJC_WEAK = YES;
				CLANG_WARN_BLOCK_CAPTURE_AUTORELEASING = YES;
				CLANG_WARN_BOOL_CONVERSION = YES;
				CLANG_WARN_COMMA = YES;
				CLANG_WARN_CONSTANT_CONVERSION = YES;
				CLANG_WARN_DEPRECATED_OBJC_IMPLEMENTATIONS = YES;
				CLANG_WARN_DIRECT_OBJC_ISA_USAGE = YES_ERROR;
				CLANG_WARN_DOCUMENTATION_COMMENTS = YES;
				CLANG_WARN_EMPTY_BODY = YES;
				CLANG_WARN_ENUM_CONVERSION = YES;
				CLANG_WARN_INFINITE_RECURSION = YES;
				CLANG_WARN_INT_CONVERSION = YES;
				CLANG_WARN_NON_LITERAL_NULL_CONVERSION = YES;
				CLANG_WARN_OBJC_IMPLICIT_RETAIN_SELF = YES;
				CLANG_WARN_OBJC_LITERAL_CONVERSION = YES;
				CLANG_WARN_OBJC_ROOT_CLASS = YES_ERROR;
				CLANG_WARN_QUOTED_INCLUDE_IN_FRAMEWORK_HEADER = YES;
				CLANG_WARN_RANGE_LOOP_ANALYSIS = YES;
				CLANG_WARN_STRICT_PROTOTYPES = YES;
				CLANG_WARN_SUSPICIOUS_MOVE = YES;
				CLANG_WARN_UNGUARDED_AVAILABILITY = YES_AGGRESSIVE;
				CLANG_WARN_UNREACHABLE_CODE = YES;
				CLANG_WARN__DUPLICATE_METHOD_MATCH = YES;
				COPY_PHASE_STRIP = NO;
				DEBUG_INFORMATION_FORMAT = "dwarf-with-dsym";
				ENABLE_NS_ASSERTIONS = NO;
				ENABLE_STRICT_OBJC_MSGSEND = YES;
				GCC_C_LANGUAGE_STANDARD = gnu11;
				GCC_NO_COMMON_BLOCKS = YES;
				GCC_WARN_64_TO_32_BIT_CONVERSION = YES;
				GCC_WARN_ABOUT_RETURN_TYPE = YES_ERROR;
				GCC_WARN_UNDECLARED_SELECTOR = YES;
				GCC_WARN_UNINITIALIZED_AUTOS = YES_AGGRESSIVE;
				GCC_WARN_UNUSED_FUNCTION = YES;
				GCC_WARN_UNUSED_VARIABLE = YES;
				IPHONEOS_DEPLOYMENT_TARGET = 9.0;
				MTL_ENABLE_DEBUG_INFO = NO;
				MTL_FAST_MATH = YES;
				SDKROOT = iphoneos;
				VALIDATE_PRODUCT = YES;
			};
			name = Release;
		};
		43E5A6D427E42CC8005D54A3 /* Debug */ = {
			isa = XCBuildConfiguration;
			baseConfigurationReference = 051213C23E798873BD08A2B0 /* Pods-Demo_OpenGLES_6.debug.xcconfig */;
			buildSettings = {
				ASSETCATALOG_COMPILER_APPICON_NAME = AppIcon;
				ASSETCATALOG_COMPILER_GLOBAL_ACCENT_COLOR_NAME = AccentColor;
				CODE_SIGN_STYLE = Automatic;
				CURRENT_PROJECT_VERSION = 1;
				DEVELOPMENT_TEAM = E4R9H9F9L2;
				GENERATE_INFOPLIST_FILE = YES;
				INFOPLIST_KEY_NSCameraUsageDescription = camera;
				INFOPLIST_KEY_UIApplicationSupportsIndirectInputEvents = YES;
				INFOPLIST_KEY_UILaunchStoryboardName = LaunchScreen;
				INFOPLIST_KEY_UIMainStoryboardFile = Main;
				INFOPLIST_KEY_UISupportedInterfaceOrientations_iPad = "UIInterfaceOrientationPortrait UIInterfaceOrientationPortraitUpsideDown UIInterfaceOrientationLandscapeLeft UIInterfaceOrientationLandscapeRight";
				INFOPLIST_KEY_UISupportedInterfaceOrientations_iPhone = "UIInterfaceOrientationPortrait UIInterfaceOrientationLandscapeLeft UIInterfaceOrientationLandscapeRight";
				LD_RUNPATH_SEARCH_PATHS = (
					"$(inherited)",
					"@executable_path/Frameworks",
				);
				MARKETING_VERSION = 1.0;
				PRODUCT_BUNDLE_IDENTIFIER = "com.lxm.Demo-OpenGLES-6";
				PRODUCT_NAME = "$(TARGET_NAME)";
				SWIFT_EMIT_LOC_STRINGS = YES;
				TARGETED_DEVICE_FAMILY = "1,2";
			};
			name = Debug;
		};
		43E5A6D527E42CC8005D54A3 /* Release */ = {
			isa = XCBuildConfiguration;
			baseConfigurationReference = 70E21D1442C36F14785CDDF2 /* Pods-Demo_OpenGLES_6.release.xcconfig */;
			buildSettings = {
				ASSETCATALOG_COMPILER_APPICON_NAME = AppIcon;
				ASSETCATALOG_COMPILER_GLOBAL_ACCENT_COLOR_NAME = AccentColor;
				CODE_SIGN_STYLE = Automatic;
				CURRENT_PROJECT_VERSION = 1;
				DEVELOPMENT_TEAM = E4R9H9F9L2;
				GENERATE_INFOPLIST_FILE = YES;
				INFOPLIST_KEY_NSCameraUsageDescription = camera;
				INFOPLIST_KEY_UIApplicationSupportsIndirectInputEvents = YES;
				INFOPLIST_KEY_UILaunchStoryboardName = LaunchScreen;
				INFOPLIST_KEY_UIMainStoryboardFile = Main;
				INFOPLIST_KEY_UISupportedInterfaceOrientations_iPad = "UIInterfaceOrientationPortrait UIInterfaceOrientationPortraitUpsideDown UIInterfaceOrientationLandscapeLeft UIInterfaceOrientationLandscapeRight";
				INFOPLIST_KEY_UISupportedInterfaceOrientations_iPhone = "UIInterfaceOrientationPortrait UIInterfaceOrientationLandscapeLeft UIInterfaceOrientationLandscapeRight";
				LD_RUNPATH_SEARCH_PATHS = (
					"$(inherited)",
					"@executable_path/Frameworks",
				);
				MARKETING_VERSION = 1.0;
				PRODUCT_BUNDLE_IDENTIFIER = "com.lxm.Demo-OpenGLES-6";
				PRODUCT_NAME = "$(TARGET_NAME)";
				SWIFT_EMIT_LOC_STRINGS = YES;
				TARGETED_DEVICE_FAMILY = "1,2";
			};
			name = Release;
		};
/* End XCBuildConfiguration section */

/* Begin XCConfigurationList section */
		43E5A6B527E42CC8005D54A3 /* Build configuration list for PBXProject "Demo_OpenGLES_6" */ = {
			isa = XCConfigurationList;
			buildConfigurations = (
				43E5A6D127E42CC8005D54A3 /* Debug */,
				43E5A6D227E42CC8005D54A3 /* Release */,
			);
			defaultConfigurationIsVisible = 0;
			defaultConfigurationName = Release;
		};
		43E5A6D327E42CC8005D54A3 /* Build configuration list for PBXNativeTarget "Demo_OpenGLES_6" */ = {
			isa = XCConfigurationList;
			buildConfigurations = (
				43E5A6D427E42CC8005D54A3 /* Debug */,
				43E5A6D527E42CC8005D54A3 /* Release */,
			);
			defaultConfigurationIsVisible = 0;
			defaultConfigurationName = Release;
		};
/* End XCConfigurationList section */
	};
	rootObject = 43E5A6B227E42CC8005D54A3 /* Project object */;
}
